// !$*UTF8*$!
{
	archiveVersion = 1;
	classes = {
	};
	objectVersion = 50;
	objects = {

/* Begin PBXBuildFile section */
		FE1E040020E1CD4900FB080E /* WKWebViewController.m in Sources */ = {isa = PBXBuildFile; fileRef = FE1E03FE20E1CD4900FB080E /* WKWebViewController.m */; };
		FE1E040120E1CD4900FB080E /* WKWebViewController.xib in Resources */ = {isa = PBXBuildFile; fileRef = FE1E03FF20E1CD4900FB080E /* WKWebViewController.xib */; };
		FE1E040520E1CD5B00FB080E /* UIWebViewController.m in Sources */ = {isa = PBXBuildFile; fileRef = FE1E040320E1CD5B00FB080E /* UIWebViewController.m */; };
		FE1E040620E1CD5B00FB080E /* UIWebViewController.xib in Resources */ = {isa = PBXBuildFile; fileRef = FE1E040420E1CD5B00FB080E /* UIWebViewController.xib */; };
		FE1E041520E2476100FB080E /* GTTools.framework in Frameworks */ = {isa = PBXBuildFile; fileRef = FE1E041420E2476100FB080E /* GTTools.framework */; };
		FE3591C120E7446700D54269 /* textHtml.html in Resources */ = {isa = PBXBuildFile; fileRef = FE3591C020E7446700D54269 /* textHtml.html */; };
		FE3A416420DB74C500F78947 /* AppDelegate.m in Sources */ = {isa = PBXBuildFile; fileRef = FE3A416320DB74C500F78947 /* AppDelegate.m */; };
		FE3A416720DB74C500F78947 /* ViewController.m in Sources */ = {isa = PBXBuildFile; fileRef = FE3A416620DB74C500F78947 /* ViewController.m */; };
		FE3A416A20DB74C500F78947 /* Main.storyboard in Resources */ = {isa = PBXBuildFile; fileRef = FE3A416820DB74C500F78947 /* Main.storyboard */; };
		FE3A416C20DB74C800F78947 /* Assets.xcassets in Resources */ = {isa = PBXBuildFile; fileRef = FE3A416B20DB74C800F78947 /* Assets.xcassets */; };
		FE3A416F20DB74C800F78947 /* LaunchScreen.storyboard in Resources */ = {isa = PBXBuildFile; fileRef = FE3A416D20DB74C800F78947 /* LaunchScreen.storyboard */; };
		FE3A417220DB74C800F78947 /* main.m in Sources */ = {isa = PBXBuildFile; fileRef = FE3A417120DB74C800F78947 /* main.m */; };
		FE3A417C20DB74C900F78947 /* GTToolsUITests.m in Sources */ = {isa = PBXBuildFile; fileRef = FE3A417B20DB74C900F78947 /* GTToolsUITests.m */; };
		FE3A418720DB74C900F78947 /* GTToolsUIUITests.m in Sources */ = {isa = PBXBuildFile; fileRef = FE3A418620DB74C900F78947 /* GTToolsUIUITests.m */; };
		FE3E0BC7210B20570050CB00 /* UIResponder+GSCategory.m in Sources */ = {isa = PBXBuildFile; fileRef = FE3E0BC6210B20560050CB00 /* UIResponder+GSCategory.m */; };
		FE8AE5A12116FE2300AC264F /* GTCollectionViewController.m in Sources */ = {isa = PBXBuildFile; fileRef = FE8AE59F2116FE2300AC264F /* GTCollectionViewController.m */; };
		FE8AE5A22116FE2300AC264F /* GTCollectionViewController.xib in Resources */ = {isa = PBXBuildFile; fileRef = FE8AE5A02116FE2300AC264F /* GTCollectionViewController.xib */; };
		FE9CC9CC21183B6700D2ADAF /* CollectionViewCell.m in Sources */ = {isa = PBXBuildFile; fileRef = FE9CC9CA21183B6700D2ADAF /* CollectionViewCell.m */; };
		FE9CC9CD21183B6700D2ADAF /* CollectionViewCell.xib in Resources */ = {isa = PBXBuildFile; fileRef = FE9CC9CB21183B6700D2ADAF /* CollectionViewCell.xib */; };
/* End PBXBuildFile section */

/* Begin PBXContainerItemProxy section */
		FE3A417820DB74C900F78947 /* PBXContainerItemProxy */ = {
			isa = PBXContainerItemProxy;
			containerPortal = FE3A415720DB74C500F78947 /* Project object */;
			proxyType = 1;
			remoteGlobalIDString = FE3A415E20DB74C500F78947;
			remoteInfo = GTToolsUI;
		};
		FE3A418320DB74C900F78947 /* PBXContainerItemProxy */ = {
			isa = PBXContainerItemProxy;
			containerPortal = FE3A415720DB74C500F78947 /* Project object */;
			proxyType = 1;
			remoteGlobalIDString = FE3A415E20DB74C500F78947;
			remoteInfo = GTToolsUI;
		};
/* End PBXContainerItemProxy section */

/* Begin PBXFileReference section */
		FE1E03FD20E1CD4900FB080E /* WKWebViewController.h */ = {isa = PBXFileReference; lastKnownFileType = sourcecode.c.h; path = WKWebViewController.h; sourceTree = "<group>"; };
		FE1E03FE20E1CD4900FB080E /* WKWebViewController.m */ = {isa = PBXFileReference; lastKnownFileType = sourcecode.c.objc; path = WKWebViewController.m; sourceTree = "<group>"; };
		FE1E03FF20E1CD4900FB080E /* WKWebViewController.xib */ = {isa = PBXFileReference; lastKnownFileType = file.xib; path = WKWebViewController.xib; sourceTree = "<group>"; };
		FE1E040220E1CD5B00FB080E /* UIWebViewController.h */ = {isa = PBXFileReference; lastKnownFileType = sourcecode.c.h; path = UIWebViewController.h; sourceTree = "<group>"; };
		FE1E040320E1CD5B00FB080E /* UIWebViewController.m */ = {isa = PBXFileReference; lastKnownFileType = sourcecode.c.objc; path = UIWebViewController.m; sourceTree = "<group>"; };
		FE1E040420E1CD5B00FB080E /* UIWebViewController.xib */ = {isa = PBXFileReference; lastKnownFileType = file.xib; path = UIWebViewController.xib; sourceTree = "<group>"; };
		FE1E041220E2466F00FB080E /* GTTools.framework */ = {isa = PBXFileReference; explicitFileType = wrapper.framework; path = GTTools.framework; sourceTree = BUILT_PRODUCTS_DIR; };
		FE1E041420E2476100FB080E /* GTTools.framework */ = {isa = PBXFileReference; explicitFileType = wrapper.framework; path = GTTools.framework; sourceTree = BUILT_PRODUCTS_DIR; };
		FE3591C020E7446700D54269 /* textHtml.html */ = {isa = PBXFileReference; lastKnownFileType = text.html; path = textHtml.html; sourceTree = "<group>"; };
		FE3A415F20DB74C500F78947 /* GTToolsUI.app */ = {isa = PBXFileReference; explicitFileType = wrapper.application; includeInIndex = 0; path = GTToolsUI.app; sourceTree = BUILT_PRODUCTS_DIR; };
		FE3A416220DB74C500F78947 /* AppDelegate.h */ = {isa = PBXFileReference; lastKnownFileType = sourcecode.c.h; path = AppDelegate.h; sourceTree = "<group>"; };
		FE3A416320DB74C500F78947 /* AppDelegate.m */ = {isa = PBXFileReference; lastKnownFileType = sourcecode.c.objc; path = AppDelegate.m; sourceTree = "<group>"; };
		FE3A416520DB74C500F78947 /* ViewController.h */ = {isa = PBXFileReference; lastKnownFileType = sourcecode.c.h; path = ViewController.h; sourceTree = "<group>"; };
		FE3A416620DB74C500F78947 /* ViewController.m */ = {isa = PBXFileReference; lastKnownFileType = sourcecode.c.objc; path = ViewController.m; sourceTree = "<group>"; };
		FE3A416920DB74C500F78947 /* Base */ = {isa = PBXFileReference; lastKnownFileType = file.storyboard; name = Base; path = Base.lproj/Main.storyboard; sourceTree = "<group>"; };
		FE3A416B20DB74C800F78947 /* Assets.xcassets */ = {isa = PBXFileReference; lastKnownFileType = folder.assetcatalog; path = Assets.xcassets; sourceTree = "<group>"; };
		FE3A416E20DB74C800F78947 /* Base */ = {isa = PBXFileReference; lastKnownFileType = file.storyboard; name = Base; path = Base.lproj/LaunchScreen.storyboard; sourceTree = "<group>"; };
		FE3A417020DB74C800F78947 /* Info.plist */ = {isa = PBXFileReference; lastKnownFileType = text.plist.xml; path = Info.plist; sourceTree = "<group>"; };
		FE3A417120DB74C800F78947 /* main.m */ = {isa = PBXFileReference; lastKnownFileType = sourcecode.c.objc; path = main.m; sourceTree = "<group>"; };
		FE3A417720DB74C900F78947 /* GTToolsUITests.xctest */ = {isa = PBXFileReference; explicitFileType = wrapper.cfbundle; includeInIndex = 0; path = GTToolsUITests.xctest; sourceTree = BUILT_PRODUCTS_DIR; };
		FE3A417B20DB74C900F78947 /* GTToolsUITests.m */ = {isa = PBXFileReference; lastKnownFileType = sourcecode.c.objc; path = GTToolsUITests.m; sourceTree = "<group>"; };
		FE3A417D20DB74C900F78947 /* Info.plist */ = {isa = PBXFileReference; lastKnownFileType = text.plist.xml; path = Info.plist; sourceTree = "<group>"; };
		FE3A418220DB74C900F78947 /* GTToolsUIUITests.xctest */ = {isa = PBXFileReference; explicitFileType = wrapper.cfbundle; includeInIndex = 0; path = GTToolsUIUITests.xctest; sourceTree = BUILT_PRODUCTS_DIR; };
		FE3A418620DB74C900F78947 /* GTToolsUIUITests.m */ = {isa = PBXFileReference; lastKnownFileType = sourcecode.c.objc; path = GTToolsUIUITests.m; sourceTree = "<group>"; };
		FE3A418820DB74C900F78947 /* Info.plist */ = {isa = PBXFileReference; lastKnownFileType = text.plist.xml; path = Info.plist; sourceTree = "<group>"; };
		FE3E0BC5210B20560050CB00 /* UIResponder+GSCategory.h */ = {isa = PBXFileReference; lastKnownFileType = sourcecode.c.h; path = "UIResponder+GSCategory.h"; sourceTree = "<group>"; };
		FE3E0BC6210B20560050CB00 /* UIResponder+GSCategory.m */ = {isa = PBXFileReference; lastKnownFileType = sourcecode.c.objc; path = "UIResponder+GSCategory.m"; sourceTree = "<group>"; };
		FE8AE59E2116FE2300AC264F /* GTCollectionViewController.h */ = {isa = PBXFileReference; lastKnownFileType = sourcecode.c.h; path = GTCollectionViewController.h; sourceTree = "<group>"; };
		FE8AE59F2116FE2300AC264F /* GTCollectionViewController.m */ = {isa = PBXFileReference; lastKnownFileType = sourcecode.c.objc; path = GTCollectionViewController.m; sourceTree = "<group>"; };
		FE8AE5A02116FE2300AC264F /* GTCollectionViewController.xib */ = {isa = PBXFileReference; lastKnownFileType = file.xib; path = GTCollectionViewController.xib; sourceTree = "<group>"; };
		FE9CC9C921183B6700D2ADAF /* CollectionViewCell.h */ = {isa = PBXFileReference; lastKnownFileType = sourcecode.c.h; path = CollectionViewCell.h; sourceTree = "<group>"; };
		FE9CC9CA21183B6700D2ADAF /* CollectionViewCell.m */ = {isa = PBXFileReference; lastKnownFileType = sourcecode.c.objc; path = CollectionViewCell.m; sourceTree = "<group>"; };
		FE9CC9CB21183B6700D2ADAF /* CollectionViewCell.xib */ = {isa = PBXFileReference; lastKnownFileType = file.xib; path = CollectionViewCell.xib; sourceTree = "<group>"; };
/* End PBXFileReference section */

/* Begin PBXFrameworksBuildPhase section */
		FE3A415C20DB74C500F78947 /* Frameworks */ = {
			isa = PBXFrameworksBuildPhase;
			buildActionMask = 2147483647;
			files = (
				FE1E041520E2476100FB080E /* GTTools.framework in Frameworks */,
			);
			runOnlyForDeploymentPostprocessing = 0;
		};
		FE3A417420DB74C900F78947 /* Frameworks */ = {
			isa = PBXFrameworksBuildPhase;
			buildActionMask = 2147483647;
			files = (
			);
			runOnlyForDeploymentPostprocessing = 0;
		};
		FE3A417F20DB74C900F78947 /* Frameworks */ = {
			isa = PBXFrameworksBuildPhase;
			buildActionMask = 2147483647;
			files = (
			);
			runOnlyForDeploymentPostprocessing = 0;
		};
/* End PBXFrameworksBuildPhase section */

/* Begin PBXGroup section */
		FE1E041120E2466F00FB080E /* Frameworks */ = {
			isa = PBXGroup;
			children = (
				FE1E041420E2476100FB080E /* GTTools.framework */,
				FE1E041220E2466F00FB080E /* GTTools.framework */,
			);
			name = Frameworks;
			sourceTree = "<group>";
		};
		FE3A415620DB74C500F78947 = {
			isa = PBXGroup;
			children = (
				FE3A416120DB74C500F78947 /* GTToolsUI */,
				FE3A417A20DB74C900F78947 /* GTToolsUITests */,
				FE3A418520DB74C900F78947 /* GTToolsUIUITests */,
				FE3A416020DB74C500F78947 /* Products */,
				FE1E041120E2466F00FB080E /* Frameworks */,
			);
			sourceTree = "<group>";
		};
		FE3A416020DB74C500F78947 /* Products */ = {
			isa = PBXGroup;
			children = (
				FE3A415F20DB74C500F78947 /* GTToolsUI.app */,
				FE3A417720DB74C900F78947 /* GTToolsUITests.xctest */,
				FE3A418220DB74C900F78947 /* GTToolsUIUITests.xctest */,
			);
			name = Products;
			sourceTree = "<group>";
		};
		FE3A416120DB74C500F78947 /* GTToolsUI */ = {
			isa = PBXGroup;
			children = (
				FE3A416220DB74C500F78947 /* AppDelegate.h */,
				FE3A416320DB74C500F78947 /* AppDelegate.m */,
				FE3A416520DB74C500F78947 /* ViewController.h */,
				FE3A416620DB74C500F78947 /* ViewController.m */,
				FE3A416820DB74C500F78947 /* Main.storyboard */,
				FE1E03FD20E1CD4900FB080E /* WKWebViewController.h */,
				FE1E03FE20E1CD4900FB080E /* WKWebViewController.m */,
				FE1E03FF20E1CD4900FB080E /* WKWebViewController.xib */,
				FE1E040220E1CD5B00FB080E /* UIWebViewController.h */,
				FE1E040320E1CD5B00FB080E /* UIWebViewController.m */,
				FE1E040420E1CD5B00FB080E /* UIWebViewController.xib */,
				FE8AE59E2116FE2300AC264F /* GTCollectionViewController.h */,
				FE8AE59F2116FE2300AC264F /* GTCollectionViewController.m */,
				FE8AE5A02116FE2300AC264F /* GTCollectionViewController.xib */,
				FE9CC9C921183B6700D2ADAF /* CollectionViewCell.h */,
				FE9CC9CA21183B6700D2ADAF /* CollectionViewCell.m */,
				FE9CC9CB21183B6700D2ADAF /* CollectionViewCell.xib */,
				FE3591C020E7446700D54269 /* textHtml.html */,
				FE3E0BC5210B20560050CB00 /* UIResponder+GSCategory.h */,
				FE3E0BC6210B20560050CB00 /* UIResponder+GSCategory.m */,
				FE3A416B20DB74C800F78947 /* Assets.xcassets */,
				FE3A416D20DB74C800F78947 /* LaunchScreen.storyboard */,
				FE3A417020DB74C800F78947 /* Info.plist */,
				FE3A417120DB74C800F78947 /* main.m */,
			);
			path = GTToolsUI;
			sourceTree = "<group>";
		};
		FE3A417A20DB74C900F78947 /* GTToolsUITests */ = {
			isa = PBXGroup;
			children = (
				FE3A417B20DB74C900F78947 /* GTToolsUITests.m */,
				FE3A417D20DB74C900F78947 /* Info.plist */,
			);
			path = GTToolsUITests;
			sourceTree = "<group>";
		};
		FE3A418520DB74C900F78947 /* GTToolsUIUITests */ = {
			isa = PBXGroup;
			children = (
				FE3A418620DB74C900F78947 /* GTToolsUIUITests.m */,
				FE3A418820DB74C900F78947 /* Info.plist */,
			);
			path = GTToolsUIUITests;
			sourceTree = "<group>";
		};
/* End PBXGroup section */

/* Begin PBXNativeTarget section */
		FE3A415E20DB74C500F78947 /* GTToolsUI */ = {
			isa = PBXNativeTarget;
			buildConfigurationList = FE3A418B20DB74C900F78947 /* Build configuration list for PBXNativeTarget "GTToolsUI" */;
			buildPhases = (
				FE3A415B20DB74C500F78947 /* Sources */,
				FE3A415C20DB74C500F78947 /* Frameworks */,
				FE3A415D20DB74C500F78947 /* Resources */,
			);
			buildRules = (
			);
			dependencies = (
			);
			name = GTToolsUI;
			productName = GTToolsUI;
			productReference = FE3A415F20DB74C500F78947 /* GTToolsUI.app */;
			productType = "com.apple.product-type.application";
		};
		FE3A417620DB74C900F78947 /* GTToolsUITests */ = {
			isa = PBXNativeTarget;
			buildConfigurationList = FE3A418E20DB74C900F78947 /* Build configuration list for PBXNativeTarget "GTToolsUITests" */;
			buildPhases = (
				FE3A417320DB74C900F78947 /* Sources */,
				FE3A417420DB74C900F78947 /* Frameworks */,
				FE3A417520DB74C900F78947 /* Resources */,
			);
			buildRules = (
			);
			dependencies = (
				FE3A417920DB74C900F78947 /* PBXTargetDependency */,
			);
			name = GTToolsUITests;
			productName = GTToolsUITests;
			productReference = FE3A417720DB74C900F78947 /* GTToolsUITests.xctest */;
			productType = "com.apple.product-type.bundle.unit-test";
		};
		FE3A418120DB74C900F78947 /* GTToolsUIUITests */ = {
			isa = PBXNativeTarget;
			buildConfigurationList = FE3A419120DB74C900F78947 /* Build configuration list for PBXNativeTarget "GTToolsUIUITests" */;
			buildPhases = (
				FE3A417E20DB74C900F78947 /* Sources */,
				FE3A417F20DB74C900F78947 /* Frameworks */,
				FE3A418020DB74C900F78947 /* Resources */,
			);
			buildRules = (
			);
			dependencies = (
				FE3A418420DB74C900F78947 /* PBXTargetDependency */,
			);
			name = GTToolsUIUITests;
			productName = GTToolsUIUITests;
			productReference = FE3A418220DB74C900F78947 /* GTToolsUIUITests.xctest */;
			productType = "com.apple.product-type.bundle.ui-testing";
		};
/* End PBXNativeTarget section */

/* Begin PBXProject section */
		FE3A415720DB74C500F78947 /* Project object */ = {
			isa = PBXProject;
			attributes = {
				LastUpgradeCheck = 0930;
				ORGANIZATIONNAME = "吴华林";
				TargetAttributes = {
					FE3A415E20DB74C500F78947 = {
						CreatedOnToolsVersion = 9.3;
					};
					FE3A417620DB74C900F78947 = {
						CreatedOnToolsVersion = 9.3;
						TestTargetID = FE3A415E20DB74C500F78947;
					};
					FE3A418120DB74C900F78947 = {
						CreatedOnToolsVersion = 9.3;
						TestTargetID = FE3A415E20DB74C500F78947;
					};
				};
			};
			buildConfigurationList = FE3A415A20DB74C500F78947 /* Build configuration list for PBXProject "GTToolsUI" */;
			compatibilityVersion = "Xcode 9.3";
			developmentRegion = en;
			hasScannedForEncodings = 0;
			knownRegions = (
				en,
				Base,
			);
			mainGroup = FE3A415620DB74C500F78947;
			productRefGroup = FE3A416020DB74C500F78947 /* Products */;
			projectDirPath = "";
			projectRoot = "";
			targets = (
				FE3A415E20DB74C500F78947 /* GTToolsUI */,
				FE3A417620DB74C900F78947 /* GTToolsUITests */,
				FE3A418120DB74C900F78947 /* GTToolsUIUITests */,
			);
		};
/* End PBXProject section */

/* Begin PBXResourcesBuildPhase section */
		FE3A415D20DB74C500F78947 /* Resources */ = {
			isa = PBXResourcesBuildPhase;
			buildActionMask = 2147483647;
			files = (
				FE8AE5A22116FE2300AC264F /* GTCollectionViewController.xib in Resources */,
				FE3A416F20DB74C800F78947 /* LaunchScreen.storyboard in Resources */,
				FE3A416C20DB74C800F78947 /* Assets.xcassets in Resources */,
				FE3A416A20DB74C500F78947 /* Main.storyboard in Resources */,
				FE1E040620E1CD5B00FB080E /* UIWebViewController.xib in Resources */,
				FE3591C120E7446700D54269 /* textHtml.html in Resources */,
				FE9CC9CD21183B6700D2ADAF /* CollectionViewCell.xib in Resources */,
				FE1E040120E1CD4900FB080E /* WKWebViewController.xib in Resources */,
			);
			runOnlyForDeploymentPostprocessing = 0;
		};
		FE3A417520DB74C900F78947 /* Resources */ = {
			isa = PBXResourcesBuildPhase;
			buildActionMask = 2147483647;
			files = (
			);
			runOnlyForDeploymentPostprocessing = 0;
		};
		FE3A418020DB74C900F78947 /* Resources */ = {
			isa = PBXResourcesBuildPhase;
			buildActionMask = 2147483647;
			files = (
			);
			runOnlyForDeploymentPostprocessing = 0;
		};
/* End PBXResourcesBuildPhase section */

/* Begin PBXSourcesBuildPhase section */
		FE3A415B20DB74C500F78947 /* Sources */ = {
			isa = PBXSourcesBuildPhase;
			buildActionMask = 2147483647;
			files = (
				FE8AE5A12116FE2300AC264F /* GTCollectionViewController.m in Sources */,
				FE3E0BC7210B20570050CB00 /* UIResponder+GSCategory.m in Sources */,
				FE3A416720DB74C500F78947 /* ViewController.m in Sources */,
				FE3A417220DB74C800F78947 /* main.m in Sources */,
				FE3A416420DB74C500F78947 /* AppDelegate.m in Sources */,
				FE1E040520E1CD5B00FB080E /* UIWebViewController.m in Sources */,
				FE9CC9CC21183B6700D2ADAF /* CollectionViewCell.m in Sources */,
				FE1E040020E1CD4900FB080E /* WKWebViewController.m in Sources */,
			);
			runOnlyForDeploymentPostprocessing = 0;
		};
		FE3A417320DB74C900F78947 /* Sources */ = {
			isa = PBXSourcesBuildPhase;
			buildActionMask = 2147483647;
			files = (
				FE3A417C20DB74C900F78947 /* GTToolsUITests.m in Sources */,
			);
			runOnlyForDeploymentPostprocessing = 0;
		};
		FE3A417E20DB74C900F78947 /* Sources */ = {
			isa = PBXSourcesBuildPhase;
			buildActionMask = 2147483647;
			files = (
				FE3A418720DB74C900F78947 /* GTToolsUIUITests.m in Sources */,
			);
			runOnlyForDeploymentPostprocessing = 0;
		};
/* End PBXSourcesBuildPhase section */

/* Begin PBXTargetDependency section */
		FE3A417920DB74C900F78947 /* PBXTargetDependency */ = {
			isa = PBXTargetDependency;
			target = FE3A415E20DB74C500F78947 /* GTToolsUI */;
			targetProxy = FE3A417820DB74C900F78947 /* PBXContainerItemProxy */;
		};
		FE3A418420DB74C900F78947 /* PBXTargetDependency */ = {
			isa = PBXTargetDependency;
			target = FE3A415E20DB74C500F78947 /* GTToolsUI */;
			targetProxy = FE3A418320DB74C900F78947 /* PBXContainerItemProxy */;
		};
/* End PBXTargetDependency section */

/* Begin PBXVariantGroup section */
		FE3A416820DB74C500F78947 /* Main.storyboard */ = {
			isa = PBXVariantGroup;
			children = (
				FE3A416920DB74C500F78947 /* Base */,
			);
			name = Main.storyboard;
			sourceTree = "<group>";
		};
		FE3A416D20DB74C800F78947 /* LaunchScreen.storyboard */ = {
			isa = PBXVariantGroup;
			children = (
				FE3A416E20DB74C800F78947 /* Base */,
			);
			name = LaunchScreen.storyboard;
			sourceTree = "<group>";
		};
/* End PBXVariantGroup section */

/* Begin XCBuildConfiguration section */
		FE3A418920DB74C900F78947 /* Debug */ = {
			isa = XCBuildConfiguration;
			buildSettings = {
				ALWAYS_SEARCH_USER_PATHS = NO;
				CLANG_ANALYZER_NONNULL = YES;
				CLANG_ANALYZER_NUMBER_OBJECT_CONVERSION = YES_AGGRESSIVE;
				CLANG_CXX_LANGUAGE_STANDARD = "gnu++14";
				CLANG_CXX_LIBRARY = "libc++";
				CLANG_ENABLE_MODULES = YES;
				CLANG_ENABLE_OBJC_ARC = YES;
				CLANG_ENABLE_OBJC_WEAK = YES;
				CLANG_WARN_BLOCK_CAPTURE_AUTORELEASING = YES;
				CLANG_WARN_BOOL_CONVERSION = YES;
				CLANG_WARN_COMMA = YES;
				CLANG_WARN_CONSTANT_CONVERSION = YES;
				CLANG_WARN_DEPRECATED_OBJC_IMPLEMENTATIONS = YES;
				CLANG_WARN_DIRECT_OBJC_ISA_USAGE = YES_ERROR;
				CLANG_WARN_DOCUMENTATION_COMMENTS = YES;
				CLANG_WARN_EMPTY_BODY = YES;
				CLANG_WARN_ENUM_CONVERSION = YES;
				CLANG_WARN_INFINITE_RECURSION = YES;
				CLANG_WARN_INT_CONVERSION = YES;
				CLANG_WARN_NON_LITERAL_NULL_CONVERSION = YES;
				CLANG_WARN_OBJC_IMPLICIT_RETAIN_SELF = YES;
				CLANG_WARN_OBJC_LITERAL_CONVERSION = YES;
				CLANG_WARN_OBJC_ROOT_CLASS = YES_ERROR;
				CLANG_WARN_RANGE_LOOP_ANALYSIS = YES;
				CLANG_WARN_STRICT_PROTOTYPES = YES;
				CLANG_WARN_SUSPICIOUS_MOVE = YES;
				CLANG_WARN_UNGUARDED_AVAILABILITY = YES_AGGRESSIVE;
				CLANG_WARN_UNREACHABLE_CODE = YES;
				CLANG_WARN__DUPLICATE_METHOD_MATCH = YES;
				CODE_SIGN_IDENTITY = "iPhone Developer";
				COPY_PHASE_STRIP = NO;
				DEBUG_INFORMATION_FORMAT = dwarf;
				ENABLE_STRICT_OBJC_MSGSEND = YES;
				ENABLE_TESTABILITY = YES;
				GCC_C_LANGUAGE_STANDARD = gnu11;
				GCC_DYNAMIC_NO_PIC = NO;
				GCC_NO_COMMON_BLOCKS = YES;
				GCC_OPTIMIZATION_LEVEL = 0;
				GCC_PREPROCESSOR_DEFINITIONS = (
					"DEBUG=1",
					"$(inherited)",
				);
				GCC_WARN_64_TO_32_BIT_CONVERSION = YES;
				GCC_WARN_ABOUT_RETURN_TYPE = YES_ERROR;
				GCC_WARN_UNDECLARED_SELECTOR = YES;
				GCC_WARN_UNINITIALIZED_AUTOS = YES_AGGRESSIVE;
				GCC_WARN_UNUSED_FUNCTION = YES;
				GCC_WARN_UNUSED_VARIABLE = YES;
				IPHONEOS_DEPLOYMENT_TARGET = 11.3;
				MTL_ENABLE_DEBUG_INFO = YES;
				ONLY_ACTIVE_ARCH = YES;
				SDKROOT = iphoneos;
			};
			name = Debug;
		};
		FE3A418A20DB74C900F78947 /* Release */ = {
			isa = XCBuildConfiguration;
			buildSettings = {
				ALWAYS_SEARCH_USER_PATHS = NO;
				CLANG_ANALYZER_NONNULL = YES;
				CLANG_ANALYZER_NUMBER_OBJECT_CONVERSION = YES_AGGRESSIVE;
				CLANG_CXX_LANGUAGE_STANDARD = "gnu++14";
				CLANG_CXX_LIBRARY = "libc++";
				CLANG_ENABLE_MODULES = YES;
				CLANG_ENABLE_OBJC_ARC = YES;
				CLANG_ENABLE_OBJC_WEAK = YES;
				CLANG_WARN_BLOCK_CAPTURE_AUTORELEASING = YES;
				CLANG_WARN_BOOL_CONVERSION = YES;
				CLANG_WARN_COMMA = YES;
				CLANG_WARN_CONSTANT_CONVERSION = YES;
				CLANG_WARN_DEPRECATED_OBJC_IMPLEMENTATIONS = YES;
				CLANG_WARN_DIRECT_OBJC_ISA_USAGE = YES_ERROR;
				CLANG_WARN_DOCUMENTATION_COMMENTS = YES;
				CLANG_WARN_EMPTY_BODY = YES;
				CLANG_WARN_ENUM_CONVERSION = YES;
				CLANG_WARN_INFINITE_RECURSION = YES;
				CLANG_WARN_INT_CONVERSION = YES;
				CLANG_WARN_NON_LITERAL_NULL_CONVERSION = YES;
				CLANG_WARN_OBJC_IMPLICIT_RETAIN_SELF = YES;
				CLANG_WARN_OBJC_LITERAL_CONVERSION = YES;
				CLANG_WARN_OBJC_ROOT_CLASS = YES_ERROR;
				CLANG_WARN_RANGE_LOOP_ANALYSIS = YES;
				CLANG_WARN_STRICT_PROTOTYPES = YES;
				CLANG_WARN_SUSPICIOUS_MOVE = YES;
				CLANG_WARN_UNGUARDED_AVAILABILITY = YES_AGGRESSIVE;
				CLANG_WARN_UNREACHABLE_CODE = YES;
				CLANG_WARN__DUPLICATE_METHOD_MATCH = YES;
				CODE_SIGN_IDENTITY = "iPhone Developer";
				COPY_PHASE_STRIP = NO;
				DEBUG_INFORMATION_FORMAT = "dwarf-with-dsym";
				ENABLE_NS_ASSERTIONS = NO;
				ENABLE_STRICT_OBJC_MSGSEND = YES;
				GCC_C_LANGUAGE_STANDARD = gnu11;
				GCC_NO_COMMON_BLOCKS = YES;
				GCC_WARN_64_TO_32_BIT_CONVERSION = YES;
				GCC_WARN_ABOUT_RETURN_TYPE = YES_ERROR;
				GCC_WARN_UNDECLARED_SELECTOR = YES;
				GCC_WARN_UNINITIALIZED_AUTOS = YES_AGGRESSIVE;
				GCC_WARN_UNUSED_FUNCTION = YES;
				GCC_WARN_UNUSED_VARIABLE = YES;
				IPHONEOS_DEPLOYMENT_TARGET = 11.3;
				MTL_ENABLE_DEBUG_INFO = NO;
				SDKROOT = iphoneos;
				VALIDATE_PRODUCT = YES;
			};
			name = Release;
		};
		FE3A418C20DB74C900F78947 /* Debug */ = {
			isa = XCBuildConfiguration;
			buildSettings = {
				ASSETCATALOG_COMPILER_APPICON_NAME = AppIcon;
				CODE_SIGN_STYLE = Automatic;
				INFOPLIST_FILE = GTToolsUI/Info.plist;
				LD_RUNPATH_SEARCH_PATHS = (
					"$(inherited)",
					"@executable_path/Frameworks",
				);
				PRODUCT_BUNDLE_IDENTIFIER = com.geekThings.GTToolsUI;
				PRODUCT_NAME = "$(TARGET_NAME)";
				TARGETED_DEVICE_FAMILY = "1,2";
			};
			name = Debug;
		};
		FE3A418D20DB74C900F78947 /* Release */ = {
			isa = XCBuildConfiguration;
			buildSettings = {
				ASSETCATALOG_COMPILER_APPICON_NAME = AppIcon;
				CODE_SIGN_STYLE = Automatic;
				INFOPLIST_FILE = GTToolsUI/Info.plist;
				LD_RUNPATH_SEARCH_PATHS = (
					"$(inherited)",
					"@executable_path/Frameworks",
				);
				PRODUCT_BUNDLE_IDENTIFIER = com.geekThings.GTToolsUI;
				PRODUCT_NAME = "$(TARGET_NAME)";
				TARGETED_DEVICE_FAMILY = "1,2";
			};
			name = Release;
		};
		FE3A418F20DB74C900F78947 /* Debug */ = {
			isa = XCBuildConfiguration;
			buildSettings = {
				BUNDLE_LOADER = "$(TEST_HOST)";
				CODE_SIGN_STYLE = Automatic;
				INFOPLIST_FILE = GTToolsUITests/Info.plist;
				LD_RUNPATH_SEARCH_PATHS = (
					"$(inherited)",
					"@executable_path/Frameworks",
					"@loader_path/Frameworks",
				);
				PRODUCT_BUNDLE_IDENTIFIER = com.geekThings.GTToolsUITests;
				PRODUCT_NAME = "$(TARGET_NAME)";
				TARGETED_DEVICE_FAMILY = "1,2";
				TEST_HOST = "$(BUILT_PRODUCTS_DIR)/GTToolsUI.app/GTToolsUI";
			};
			name = Debug;
		};
		FE3A419020DB74C900F78947 /* Release */ = {
			isa = XCBuildConfiguration;
			buildSettings = {
				BUNDLE_LOADER = "$(TEST_HOST)";
				CODE_SIGN_STYLE = Automatic;
				INFOPLIST_FILE = GTToolsUITests/Info.plist;
				LD_RUNPATH_SEARCH_PATHS = (
					"$(inherited)",
					"@executable_path/Frameworks",
					"@loader_path/Frameworks",
				);
				PRODUCT_BUNDLE_IDENTIFIER = com.geekThings.GTToolsUITests;
				PRODUCT_NAME = "$(TARGET_NAME)";
				TARGETED_DEVICE_FAMILY = "1,2";
				TEST_HOST = "$(BUILT_PRODUCTS_DIR)/GTToolsUI.app/GTToolsUI";
			};
			name = Release;
		};
		FE3A419220DB74C900F78947 /* Debug */ = {
			isa = XCBuildConfiguration;
			buildSettings = {
				CODE_SIGN_STYLE = Automatic;
				INFOPLIST_FILE = GTToolsUIUITests/Info.plist;
				LD_RUNPATH_SEARCH_PATHS = (
					"$(inherited)",
					"@executable_path/Frameworks",
					"@loader_path/Frameworks",
				);
				PRODUCT_BUNDLE_IDENTIFIER = com.geekThings.GTToolsUIUITests;
				PRODUCT_NAME = "$(TARGET_NAME)";
				TARGETED_DEVICE_FAMILY = "1,2";
				TEST_TARGET_NAME = GTToolsUI;
			};
			name = Debug;
		};
		FE3A419320DB74C900F78947 /* Release */ = {
			isa = XCBuildConfiguration;
			buildSettings = {
				CODE_SIGN_STYLE = Automatic;
				INFOPLIST_FILE = GTToolsUIUITests/Info.plist;
				LD_RUNPATH_SEARCH_PATHS = (
					"$(inherited)",
					"@executable_path/Frameworks",
					"@loader_path/Frameworks",
				);
				PRODUCT_BUNDLE_IDENTIFIER = com.geekThings.GTToolsUIUITests;
				PRODUCT_NAME = "$(TARGET_NAME)";
				TARGETED_DEVICE_FAMILY = "1,2";
				TEST_TARGET_NAME = GTToolsUI;
			};
			name = Release;
		};
/* End XCBuildConfiguration section */

/* Begin XCConfigurationList section */
		FE3A415A20DB74C500F78947 /* Build configuration list for PBXProject "GTToolsUI" */ = {
			isa = XCConfigurationList;
			buildConfigurations = (
				FE3A418920DB74C900F78947 /* Debug */,
				FE3A418A20DB74C900F78947 /* Release */,
			);
			defaultConfigurationIsVisible = 0;
			defaultConfigurationName = Release;
		};
		FE3A418B20DB74C900F78947 /* Build configuration list for PBXNativeTarget "GTToolsUI" */ = {
			isa = XCConfigurationList;
			buildConfigurations = (
				FE3A418C20DB74C900F78947 /* Debug */,
				FE3A418D20DB74C900F78947 /* Release */,
			);
			defaultConfigurationIsVisible = 0;
			defaultConfigurationName = Release;
		};
		FE3A418E20DB74C900F78947 /* Build configuration list for PBXNativeTarget "GTToolsUITests" */ = {
			isa = XCConfigurationList;
			buildConfigurations = (
				FE3A418F20DB74C900F78947 /* Debug */,
				FE3A419020DB74C900F78947 /* Release */,
			);
			defaultConfigurationIsVisible = 0;
			defaultConfigurationName = Release;
		};
		FE3A419120DB74C900F78947 /* Build configuration list for PBXNativeTarget "GTToolsUIUITests" */ = {
			isa = XCConfigurationList;
			buildConfigurations = (
				FE3A419220DB74C900F78947 /* Debug */,
				FE3A419320DB74C900F78947 /* Release */,
			);
			defaultConfigurationIsVisible = 0;
			defaultConfigurationName = Release;
		};
/* End XCConfigurationList section */
	};
	rootObject = FE3A415720DB74C500F78947 /* Project object */;
}
