// !$*UTF8*$!
{
	archiveVersion = 1;
	classes = {
	};
	objectVersion = 50;
	objects = {

/* Begin PBXBuildFile section */
		FE0F8D53210EE9B80026355D /* GTEventBus.h in Headers */ = {isa = PBXBuildFile; fileRef = FE0F8D51210EE9B80026355D /* GTEventBus.h */; settings = {ATTRIBUTES = (Public, ); }; };
		FE0F8D54210EE9B80026355D /* GTEventBus.m in Sources */ = {isa = PBXBuildFile; fileRef = FE0F8D52210EE9B80026355D /* GTEventBus.m */; };
		FE0F8D68210FFA5A0026355D /* GTRoute+OpenURL.m in Sources */ = {isa = PBXBuildFile; fileRef = FE0F8D5F210FFA590026355D /* GTRoute+OpenURL.m */; };
		FE0F8D69210FFA5A0026355D /* GTRouteGlobalConstant.m in Sources */ = {isa = PBXBuildFile; fileRef = FE0F8D60210FFA590026355D /* GTRouteGlobalConstant.m */; };
		FE0F8D6A210FFA5A0026355D /* GTRoute+PresentViewController.m in Sources */ = {isa = PBXBuildFile; fileRef = FE0F8D61210FFA590026355D /* GTRoute+PresentViewController.m */; };
		FE0F8D6B210FFA5A0026355D /* UIViewControllerRouteProtocol.h in Headers */ = {isa = PBXBuildFile; fileRef = FE0F8D62210FFA590026355D /* UIViewControllerRouteProtocol.h */; };
		FE0F8D6C210FFA5A0026355D /* GTRoute+PresentViewController.h in Headers */ = {isa = PBXBuildFile; fileRef = FE0F8D63210FFA590026355D /* GTRoute+PresentViewController.h */; };
		FE0F8D6D210FFA5A0026355D /* GTRoute.m in Sources */ = {isa = PBXBuildFile; fileRef = FE0F8D64210FFA590026355D /* GTRoute.m */; };
		FE0F8D6E210FFA5A0026355D /* GTRoute+OpenURL.h in Headers */ = {isa = PBXBuildFile; fileRef = FE0F8D65210FFA590026355D /* GTRoute+OpenURL.h */; };
		FE0F8D6F210FFA5A0026355D /* GTRoute.h in Headers */ = {isa = PBXBuildFile; fileRef = FE0F8D66210FFA590026355D /* GTRoute.h */; };
		FE0F8D70210FFA5A0026355D /* GTRouteGlobalConstant.h in Headers */ = {isa = PBXBuildFile; fileRef = FE0F8D67210FFA590026355D /* GTRouteGlobalConstant.h */; };
		FE0F8D7A2110442F0026355D /* NSURL+GTTools.h in Headers */ = {isa = PBXBuildFile; fileRef = FE0F8D782110442F0026355D /* NSURL+GTTools.h */; };
		FE0F8D7B2110442F0026355D /* NSURL+GTTools.m in Sources */ = {isa = PBXBuildFile; fileRef = FE0F8D792110442F0026355D /* NSURL+GTTools.m */; };
		FE0F8D7D211055070026355D /* NSURLTest.m in Sources */ = {isa = PBXBuildFile; fileRef = FE0F8D7C211055070026355D /* NSURLTest.m */; };
		FE1E040920E1D4DF00FB080E /* GTUIWebViewJSBridge.h in Headers */ = {isa = PBXBuildFile; fileRef = FE1E040720E1D4DF00FB080E /* GTUIWebViewJSBridge.h */; settings = {ATTRIBUTES = (Public, ); }; };
		FE1E040A20E1D4DF00FB080E /* GTUIWebViewJSBridge.m in Sources */ = {isa = PBXBuildFile; fileRef = FE1E040820E1D4DF00FB080E /* GTUIWebViewJSBridge.m */; };
		FE1E040D20E1D4F900FB080E /* GTWKWebViewJSBridge.h in Headers */ = {isa = PBXBuildFile; fileRef = FE1E040B20E1D4F900FB080E /* GTWKWebViewJSBridge.h */; };
		FE1E040E20E1D4F900FB080E /* GTWKWebViewJSBridge.m in Sources */ = {isa = PBXBuildFile; fileRef = FE1E040C20E1D4F900FB080E /* GTWKWebViewJSBridge.m */; };
		FE212AB920EDFA570046520F /* GTWebViewJSBridge_JS.m in Sources */ = {isa = PBXBuildFile; fileRef = FE212AB820EDFA570046520F /* GTWebViewJSBridge_JS.m */; };
		FE212ABB20EDFA660046520F /* GTWebViewJSBridge_JS.h in Headers */ = {isa = PBXBuildFile; fileRef = FE212ABA20EDFA660046520F /* GTWebViewJSBridge_JS.h */; };
		FE3591AA20E718B300D54269 /* GTBaseNetwork.h in Headers */ = {isa = PBXBuildFile; fileRef = FE3591A820E718B300D54269 /* GTBaseNetwork.h */; };
		FE3591AB20E718B300D54269 /* GTBaseNetwork.m in Sources */ = {isa = PBXBuildFile; fileRef = FE3591A920E718B300D54269 /* GTBaseNetwork.m */; };
		FE3A40D720D9E93100F78947 /* GTTools.framework in Frameworks */ = {isa = PBXBuildFile; fileRef = FE3A40CD20D9E93100F78947 /* GTTools.framework */; };
		FE3A40DC20D9E93100F78947 /* GTToolsTests.m in Sources */ = {isa = PBXBuildFile; fileRef = FE3A40DB20D9E93100F78947 /* GTToolsTests.m */; };
		FE3A40DE20D9E93100F78947 /* GTTools.h in Headers */ = {isa = PBXBuildFile; fileRef = FE3A40D020D9E93100F78947 /* GTTools.h */; settings = {ATTRIBUTES = (Public, ); }; };
		FE3A40E920D9F0EC00F78947 /* NSDictionary+GTTools.h in Headers */ = {isa = PBXBuildFile; fileRef = FE3A40E720D9F0EC00F78947 /* NSDictionary+GTTools.h */; settings = {ATTRIBUTES = (Public, ); }; };
		FE3A40EA20D9F0EC00F78947 /* NSDictionary+GTTools.m in Sources */ = {isa = PBXBuildFile; fileRef = FE3A40E820D9F0EC00F78947 /* NSDictionary+GTTools.m */; };
		FE3A40F520DA00BE00F78947 /* GTNullFilter.h in Headers */ = {isa = PBXBuildFile; fileRef = FE3A40F320DA00BE00F78947 /* GTNullFilter.h */; };
		FE3A40F620DA00BE00F78947 /* GTNullFilter.m in Sources */ = {isa = PBXBuildFile; fileRef = FE3A40F420DA00BE00F78947 /* GTNullFilter.m */; };
		FE3A40F920DA0EC000F78947 /* GTModelManager.h in Headers */ = {isa = PBXBuildFile; fileRef = FE3A40F720DA0EC000F78947 /* GTModelManager.h */; };
		FE3A40FA20DA0EC000F78947 /* GTModelManager.m in Sources */ = {isa = PBXBuildFile; fileRef = FE3A40F820DA0EC000F78947 /* GTModelManager.m */; };
		FE3A410220DA0F4100F78947 /* YYClassInfo.h in Headers */ = {isa = PBXBuildFile; fileRef = FE3A40FD20DA0F4100F78947 /* YYClassInfo.h */; };
		FE3A410320DA0F4100F78947 /* YYModel.h in Headers */ = {isa = PBXBuildFile; fileRef = FE3A40FE20DA0F4100F78947 /* YYModel.h */; };
		FE3A410420DA0F4100F78947 /* NSObject+YYModel.m in Sources */ = {isa = PBXBuildFile; fileRef = FE3A40FF20DA0F4100F78947 /* NSObject+YYModel.m */; };
		FE3A410520DA0F4100F78947 /* YYClassInfo.m in Sources */ = {isa = PBXBuildFile; fileRef = FE3A410020DA0F4100F78947 /* YYClassInfo.m */; };
		FE3A410620DA0F4100F78947 /* NSObject+YYModel.h in Headers */ = {isa = PBXBuildFile; fileRef = FE3A410120DA0F4100F78947 /* NSObject+YYModel.h */; };
		FE3A410820DA220700F78947 /* GTModelProtocol.h in Headers */ = {isa = PBXBuildFile; fileRef = FE3A410720DA220700F78947 /* GTModelProtocol.h */; };
		FE3A410C20DA28AE00F78947 /* NSArray+GTTools.h in Headers */ = {isa = PBXBuildFile; fileRef = FE3A410A20DA28AE00F78947 /* NSArray+GTTools.h */; };
		FE3A410D20DA28AE00F78947 /* NSArray+GTTools.m in Sources */ = {isa = PBXBuildFile; fileRef = FE3A410B20DA28AE00F78947 /* NSArray+GTTools.m */; };
		FE3A410F20DA3DF900F78947 /* NSArratTest.m in Sources */ = {isa = PBXBuildFile; fileRef = FE3A410E20DA3DF900F78947 /* NSArratTest.m */; };
		FE3A411120DA3E1000F78947 /* NSDictionaryTest.m in Sources */ = {isa = PBXBuildFile; fileRef = FE3A411020DA3E1000F78947 /* NSDictionaryTest.m */; };
		FE3A411320DA3E2300F78947 /* GTModelTest.m in Sources */ = {isa = PBXBuildFile; fileRef = FE3A411220DA3E2300F78947 /* GTModelTest.m */; };
		FE3A411A20DA45AA00F78947 /* CAGradientLayer+GTTools.h in Headers */ = {isa = PBXBuildFile; fileRef = FE3A411820DA45AA00F78947 /* CAGradientLayer+GTTools.h */; };
		FE3A411B20DA45AA00F78947 /* CAGradientLayer+GTTools.m in Sources */ = {isa = PBXBuildFile; fileRef = FE3A411920DA45AA00F78947 /* CAGradientLayer+GTTools.m */; };
		FE3A411E20DA49F000F78947 /* UIColor+GTTools.m in Sources */ = {isa = PBXBuildFile; fileRef = FE3A411C20DA49F000F78947 /* UIColor+GTTools.m */; };
		FE3A411F20DA49F000F78947 /* UIColor+GTTools.h in Headers */ = {isa = PBXBuildFile; fileRef = FE3A411D20DA49F000F78947 /* UIColor+GTTools.h */; };
		FE3A412220DA4D5900F78947 /* GTDateFormatterManager.h in Headers */ = {isa = PBXBuildFile; fileRef = FE3A412020DA4D5900F78947 /* GTDateFormatterManager.h */; };
		FE3A412320DA4D5900F78947 /* GTDateFormatterManager.m in Sources */ = {isa = PBXBuildFile; fileRef = FE3A412120DA4D5900F78947 /* GTDateFormatterManager.m */; };
		FE3A412520DA55B800F78947 /* DateFormatterManagerTest.m in Sources */ = {isa = PBXBuildFile; fileRef = FE3A412420DA55B800F78947 /* DateFormatterManagerTest.m */; };
		FE3A412820DA62BC00F78947 /* GTSoftwareInfo.h in Headers */ = {isa = PBXBuildFile; fileRef = FE3A412620DA62BC00F78947 /* GTSoftwareInfo.h */; };
		FE3A412920DA62BC00F78947 /* GTSoftwareInfo.m in Sources */ = {isa = PBXBuildFile; fileRef = FE3A412720DA62BC00F78947 /* GTSoftwareInfo.m */; };
		FE3A413420DA790E00F78947 /* UICKeyChainStore.h in Headers */ = {isa = PBXBuildFile; fileRef = FE3A413220DA790E00F78947 /* UICKeyChainStore.h */; };
		FE3A413520DA790E00F78947 /* UICKeyChainStore.m in Sources */ = {isa = PBXBuildFile; fileRef = FE3A413320DA790E00F78947 /* UICKeyChainStore.m */; };
		FE3A413C20DB361700F78947 /* UIView+GTTools.h in Headers */ = {isa = PBXBuildFile; fileRef = FE3A413A20DB361700F78947 /* UIView+GTTools.h */; settings = {ATTRIBUTES = (Public, ); }; };
		FE3A413D20DB361700F78947 /* UIView+GTTools.m in Sources */ = {isa = PBXBuildFile; fileRef = FE3A413B20DB361700F78947 /* UIView+GTTools.m */; };
		FE3A414420DB3F2F00F78947 /* GTMemoryCache.h in Headers */ = {isa = PBXBuildFile; fileRef = FE3A414220DB3F2F00F78947 /* GTMemoryCache.h */; };
		FE3A414520DB3F2F00F78947 /* GTMemoryCache.m in Sources */ = {isa = PBXBuildFile; fileRef = FE3A414320DB3F2F00F78947 /* GTMemoryCache.m */; };
		FE3A414820DB3F5E00F78947 /* GTDiskCache.h in Headers */ = {isa = PBXBuildFile; fileRef = FE3A414620DB3F5E00F78947 /* GTDiskCache.h */; };
		FE3A414920DB3F5E00F78947 /* GTDiskCache.m in Sources */ = {isa = PBXBuildFile; fileRef = FE3A414720DB3F5E00F78947 /* GTDiskCache.m */; };
		FE3A414C20DB3FF500F78947 /* GTWebView.h in Headers */ = {isa = PBXBuildFile; fileRef = FE3A414A20DB3FF500F78947 /* GTWebView.h */; };
		FE3A414D20DB3FF500F78947 /* GTWebView.m in Sources */ = {isa = PBXBuildFile; fileRef = FE3A414B20DB3FF500F78947 /* GTWebView.m */; };
		FE3A419720DB786000F78947 /* Aspects.m in Sources */ = {isa = PBXBuildFile; fileRef = FE3A419520DB786000F78947 /* Aspects.m */; };
		FE3A419820DB786000F78947 /* Aspects.h in Headers */ = {isa = PBXBuildFile; fileRef = FE3A419620DB786000F78947 /* Aspects.h */; };
		FE4E94EA20E5C8BA00FEE678 /* StringTest.m in Sources */ = {isa = PBXBuildFile; fileRef = FE4E94E920E5C8BA00FEE678 /* StringTest.m */; };
		FE4E94ED20E5CF4E00FEE678 /* UIImage+GTTools.h in Headers */ = {isa = PBXBuildFile; fileRef = FE4E94EB20E5CF4E00FEE678 /* UIImage+GTTools.h */; };
		FE4E94EE20E5CF4E00FEE678 /* UIImage+GTTools.m in Sources */ = {isa = PBXBuildFile; fileRef = FE4E94EC20E5CF4E00FEE678 /* UIImage+GTTools.m */; };
		FE4E94F120E6152B00FEE678 /* NSAttributedString+GTTools.h in Headers */ = {isa = PBXBuildFile; fileRef = FE4E94EF20E6152A00FEE678 /* NSAttributedString+GTTools.h */; };
		FE4E94F220E6152B00FEE678 /* NSAttributedString+GTTools.m in Sources */ = {isa = PBXBuildFile; fileRef = FE4E94F020E6152B00FEE678 /* NSAttributedString+GTTools.m */; };
		FE4E94F520E61C2700FEE678 /* UIImageView+GTTools.h in Headers */ = {isa = PBXBuildFile; fileRef = FE4E94F320E61C2700FEE678 /* UIImageView+GTTools.h */; settings = {ATTRIBUTES = (Public, ); }; };
		FE4E94F620E61C2700FEE678 /* UIImageView+GTTools.m in Sources */ = {isa = PBXBuildFile; fileRef = FE4E94F420E61C2700FEE678 /* UIImageView+GTTools.m */; };
		FE4E94F920E61F6F00FEE678 /* UILabel+GTTools.h in Headers */ = {isa = PBXBuildFile; fileRef = FE4E94F720E61F6F00FEE678 /* UILabel+GTTools.h */; };
		FE4E94FA20E61F6F00FEE678 /* UILabel+GTTools.m in Sources */ = {isa = PBXBuildFile; fileRef = FE4E94F820E61F6F00FEE678 /* UILabel+GTTools.m */; };
		FE4E94FD20E6279B00FEE678 /* UIFont+GTTools.h in Headers */ = {isa = PBXBuildFile; fileRef = FE4E94FB20E6279B00FEE678 /* UIFont+GTTools.h */; };
		FE4E94FE20E6279B00FEE678 /* UIFont+GTTools.m in Sources */ = {isa = PBXBuildFile; fileRef = FE4E94FC20E6279B00FEE678 /* UIFont+GTTools.m */; };
		FE4E950120E628E700FEE678 /* NSData+GTTools.h in Headers */ = {isa = PBXBuildFile; fileRef = FE4E94FF20E628E700FEE678 /* NSData+GTTools.h */; };
		FE4E950220E628E700FEE678 /* NSData+GTTools.m in Sources */ = {isa = PBXBuildFile; fileRef = FE4E950020E628E700FEE678 /* NSData+GTTools.m */; };
		FE4E950520E6338300FEE678 /* UIButton+GTTools.h in Headers */ = {isa = PBXBuildFile; fileRef = FE4E950320E6338300FEE678 /* UIButton+GTTools.h */; };
		FE4E950620E6338300FEE678 /* UIButton+GTTools.m in Sources */ = {isa = PBXBuildFile; fileRef = FE4E950420E6338300FEE678 /* UIButton+GTTools.m */; };
		FE62891620DCA50100AA27B5 /* GTBaseJSBridge.h in Headers */ = {isa = PBXBuildFile; fileRef = FE62891420DCA50100AA27B5 /* GTBaseJSBridge.h */; settings = {ATTRIBUTES = (Public, ); }; };
		FE62891720DCA50100AA27B5 /* GTBaseJSBridge.m in Sources */ = {isa = PBXBuildFile; fileRef = FE62891520DCA50100AA27B5 /* GTBaseJSBridge.m */; };
		FE62891A20DE00DC00AA27B5 /* NSString+GTTools.h in Headers */ = {isa = PBXBuildFile; fileRef = FE62891820DE00DC00AA27B5 /* NSString+GTTools.h */; };
		FE62891B20DE00DC00AA27B5 /* NSString+GTTools.m in Sources */ = {isa = PBXBuildFile; fileRef = FE62891920DE00DC00AA27B5 /* NSString+GTTools.m */; };
		FE76EEBB212E8F02004F5BDC /* GTTableViewAdapterSectionItem.h in Headers */ = {isa = PBXBuildFile; fileRef = FE76EEB9212E8F02004F5BDC /* GTTableViewAdapterSectionItem.h */; };
		FE76EEBC212E8F02004F5BDC /* GTTableViewAdapterSectionItem.m in Sources */ = {isa = PBXBuildFile; fileRef = FE76EEBA212E8F02004F5BDC /* GTTableViewAdapterSectionItem.m */; };
		FE7E09762113E6B7002E109F /* GTEventBusTest.m in Sources */ = {isa = PBXBuildFile; fileRef = FE7E09752113E6B7002E109F /* GTEventBusTest.m */; };
		FE7E09C621143A2E002E109F /* GTMemoryCacheTest.m in Sources */ = {isa = PBXBuildFile; fileRef = FE7E09C521143A2E002E109F /* GTMemoryCacheTest.m */; };
		FE7E09CC21144E48002E109F /* GTCache.h in Headers */ = {isa = PBXBuildFile; fileRef = FE7E09CA21144E48002E109F /* GTCache.h */; };
		FE7E09CD21144E48002E109F /* GTCache.m in Sources */ = {isa = PBXBuildFile; fileRef = FE7E09CB21144E48002E109F /* GTCache.m */; };
		FE8AE5A5211701D500AC264F /* GTTimer.h in Headers */ = {isa = PBXBuildFile; fileRef = FE8AE5A3211701D500AC264F /* GTTimer.h */; settings = {ATTRIBUTES = (Public, ); }; };
		FE8AE5A6211701D500AC264F /* GTTimer.m in Sources */ = {isa = PBXBuildFile; fileRef = FE8AE5A4211701D500AC264F /* GTTimer.m */; };
		FE9CC9C62117FA0D00D2ADAF /* GTTimerTest.m in Sources */ = {isa = PBXBuildFile; fileRef = FE9CC9C52117FA0D00D2ADAF /* GTTimerTest.m */; };
		FEB3DEF6212D52C700BBBB10 /* GTTableViewAdapter.h in Headers */ = {isa = PBXBuildFile; fileRef = FEB3DEF4212D52C700BBBB10 /* GTTableViewAdapter.h */; };
		FEB3DEF7212D52C700BBBB10 /* GTTableViewAdapter.m in Sources */ = {isa = PBXBuildFile; fileRef = FEB3DEF5212D52C700BBBB10 /* GTTableViewAdapter.m */; };
		FEBB9B8C2126C4770037EB38 /* GTMutableThreads.h in Headers */ = {isa = PBXBuildFile; fileRef = FEBB9B8B2126C4770037EB38 /* GTMutableThreads.h */; };
		FEBB9B8E2126C94E0037EB38 /* GTMutableThreads.m in Sources */ = {isa = PBXBuildFile; fileRef = FEBB9B8D2126C94E0037EB38 /* GTMutableThreads.m */; };
		FEDD154921118444007A6F7F /* GTFileManager.h in Headers */ = {isa = PBXBuildFile; fileRef = FEDD154721118444007A6F7F /* GTFileManager.h */; };
		FEDD154A21118444007A6F7F /* GTFileManager.m in Sources */ = {isa = PBXBuildFile; fileRef = FEDD154821118444007A6F7F /* GTFileManager.m */; };
		FEDD15792112FF8C007A6F7F /* GTDiskCacheTest.m in Sources */ = {isa = PBXBuildFile; fileRef = FEDD15782112FF8C007A6F7F /* GTDiskCacheTest.m */; };
/* End PBXBuildFile section */

/* Begin PBXContainerItemProxy section */
		FE3A40D820D9E93100F78947 /* PBXContainerItemProxy */ = {
			isa = PBXContainerItemProxy;
			containerPortal = FE3A40C420D9E93100F78947 /* Project object */;
			proxyType = 1;
			remoteGlobalIDString = FE3A40CC20D9E93100F78947;
			remoteInfo = GTTools;
		};
/* End PBXContainerItemProxy section */

/* Begin PBXFileReference section */
		FE0F8D51210EE9B80026355D /* GTEventBus.h */ = {isa = PBXFileReference; lastKnownFileType = sourcecode.c.h; path = GTEventBus.h; sourceTree = "<group>"; };
		FE0F8D52210EE9B80026355D /* GTEventBus.m */ = {isa = PBXFileReference; lastKnownFileType = sourcecode.c.objc; path = GTEventBus.m; sourceTree = "<group>"; };
		FE0F8D5F210FFA590026355D /* GTRoute+OpenURL.m */ = {isa = PBXFileReference; fileEncoding = 4; lastKnownFileType = sourcecode.c.objc; path = "GTRoute+OpenURL.m"; sourceTree = "<group>"; };
		FE0F8D60210FFA590026355D /* GTRouteGlobalConstant.m */ = {isa = PBXFileReference; fileEncoding = 4; lastKnownFileType = sourcecode.c.objc; path = GTRouteGlobalConstant.m; sourceTree = "<group>"; };
		FE0F8D61210FFA590026355D /* GTRoute+PresentViewController.m */ = {isa = PBXFileReference; fileEncoding = 4; lastKnownFileType = sourcecode.c.objc; path = "GTRoute+PresentViewController.m"; sourceTree = "<group>"; };
		FE0F8D62210FFA590026355D /* UIViewControllerRouteProtocol.h */ = {isa = PBXFileReference; fileEncoding = 4; lastKnownFileType = sourcecode.c.h; path = UIViewControllerRouteProtocol.h; sourceTree = "<group>"; };
		FE0F8D63210FFA590026355D /* GTRoute+PresentViewController.h */ = {isa = PBXFileReference; fileEncoding = 4; lastKnownFileType = sourcecode.c.h; path = "GTRoute+PresentViewController.h"; sourceTree = "<group>"; };
		FE0F8D64210FFA590026355D /* GTRoute.m */ = {isa = PBXFileReference; fileEncoding = 4; lastKnownFileType = sourcecode.c.objc; path = GTRoute.m; sourceTree = "<group>"; };
		FE0F8D65210FFA590026355D /* GTRoute+OpenURL.h */ = {isa = PBXFileReference; fileEncoding = 4; lastKnownFileType = sourcecode.c.h; path = "GTRoute+OpenURL.h"; sourceTree = "<group>"; };
		FE0F8D66210FFA590026355D /* GTRoute.h */ = {isa = PBXFileReference; fileEncoding = 4; lastKnownFileType = sourcecode.c.h; path = GTRoute.h; sourceTree = "<group>"; };
		FE0F8D67210FFA590026355D /* GTRouteGlobalConstant.h */ = {isa = PBXFileReference; fileEncoding = 4; lastKnownFileType = sourcecode.c.h; path = GTRouteGlobalConstant.h; sourceTree = "<group>"; };
		FE0F8D782110442F0026355D /* NSURL+GTTools.h */ = {isa = PBXFileReference; lastKnownFileType = sourcecode.c.h; path = "NSURL+GTTools.h"; sourceTree = "<group>"; };
		FE0F8D792110442F0026355D /* NSURL+GTTools.m */ = {isa = PBXFileReference; lastKnownFileType = sourcecode.c.objc; path = "NSURL+GTTools.m"; sourceTree = "<group>"; };
		FE0F8D7C211055070026355D /* NSURLTest.m */ = {isa = PBXFileReference; lastKnownFileType = sourcecode.c.objc; path = NSURLTest.m; sourceTree = "<group>"; };
		FE1E040720E1D4DF00FB080E /* GTUIWebViewJSBridge.h */ = {isa = PBXFileReference; lastKnownFileType = sourcecode.c.h; path = GTUIWebViewJSBridge.h; sourceTree = "<group>"; };
		FE1E040820E1D4DF00FB080E /* GTUIWebViewJSBridge.m */ = {isa = PBXFileReference; lastKnownFileType = sourcecode.c.objc; path = GTUIWebViewJSBridge.m; sourceTree = "<group>"; };
		FE1E040B20E1D4F900FB080E /* GTWKWebViewJSBridge.h */ = {isa = PBXFileReference; lastKnownFileType = sourcecode.c.h; path = GTWKWebViewJSBridge.h; sourceTree = "<group>"; };
		FE1E040C20E1D4F900FB080E /* GTWKWebViewJSBridge.m */ = {isa = PBXFileReference; lastKnownFileType = sourcecode.c.objc; path = GTWKWebViewJSBridge.m; sourceTree = "<group>"; };
		FE212AB820EDFA570046520F /* GTWebViewJSBridge_JS.m */ = {isa = PBXFileReference; lastKnownFileType = sourcecode.c.objc; path = GTWebViewJSBridge_JS.m; sourceTree = "<group>"; };
		FE212ABA20EDFA660046520F /* GTWebViewJSBridge_JS.h */ = {isa = PBXFileReference; fileEncoding = 4; lastKnownFileType = sourcecode.c.h; path = GTWebViewJSBridge_JS.h; sourceTree = "<group>"; };
		FE3591A820E718B300D54269 /* GTBaseNetwork.h */ = {isa = PBXFileReference; lastKnownFileType = sourcecode.c.h; path = GTBaseNetwork.h; sourceTree = "<group>"; };
		FE3591A920E718B300D54269 /* GTBaseNetwork.m */ = {isa = PBXFileReference; lastKnownFileType = sourcecode.c.objc; path = GTBaseNetwork.m; sourceTree = "<group>"; };
		FE3A40CD20D9E93100F78947 /* GTTools.framework */ = {isa = PBXFileReference; explicitFileType = wrapper.framework; includeInIndex = 0; path = GTTools.framework; sourceTree = BUILT_PRODUCTS_DIR; };
		FE3A40D020D9E93100F78947 /* GTTools.h */ = {isa = PBXFileReference; lastKnownFileType = sourcecode.c.h; path = GTTools.h; sourceTree = "<group>"; };
		FE3A40D120D9E93100F78947 /* Info.plist */ = {isa = PBXFileReference; lastKnownFileType = text.plist.xml; path = Info.plist; sourceTree = "<group>"; };
		FE3A40D620D9E93100F78947 /* GTToolsTests.xctest */ = {isa = PBXFileReference; explicitFileType = wrapper.cfbundle; includeInIndex = 0; path = GTToolsTests.xctest; sourceTree = BUILT_PRODUCTS_DIR; };
		FE3A40DB20D9E93100F78947 /* GTToolsTests.m */ = {isa = PBXFileReference; lastKnownFileType = sourcecode.c.objc; path = GTToolsTests.m; sourceTree = "<group>"; };
		FE3A40DD20D9E93100F78947 /* Info.plist */ = {isa = PBXFileReference; lastKnownFileType = text.plist.xml; path = Info.plist; sourceTree = "<group>"; };
		FE3A40E720D9F0EC00F78947 /* NSDictionary+GTTools.h */ = {isa = PBXFileReference; lastKnownFileType = sourcecode.c.h; path = "NSDictionary+GTTools.h"; sourceTree = "<group>"; };
		FE3A40E820D9F0EC00F78947 /* NSDictionary+GTTools.m */ = {isa = PBXFileReference; lastKnownFileType = sourcecode.c.objc; path = "NSDictionary+GTTools.m"; sourceTree = "<group>"; };
		FE3A40F320DA00BE00F78947 /* GTNullFilter.h */ = {isa = PBXFileReference; lastKnownFileType = sourcecode.c.h; path = GTNullFilter.h; sourceTree = "<group>"; };
		FE3A40F420DA00BE00F78947 /* GTNullFilter.m */ = {isa = PBXFileReference; lastKnownFileType = sourcecode.c.objc; path = GTNullFilter.m; sourceTree = "<group>"; };
		FE3A40F720DA0EC000F78947 /* GTModelManager.h */ = {isa = PBXFileReference; lastKnownFileType = sourcecode.c.h; path = GTModelManager.h; sourceTree = "<group>"; };
		FE3A40F820DA0EC000F78947 /* GTModelManager.m */ = {isa = PBXFileReference; lastKnownFileType = sourcecode.c.objc; path = GTModelManager.m; sourceTree = "<group>"; };
		FE3A40FD20DA0F4100F78947 /* YYClassInfo.h */ = {isa = PBXFileReference; fileEncoding = 4; lastKnownFileType = sourcecode.c.h; path = YYClassInfo.h; sourceTree = "<group>"; };
		FE3A40FE20DA0F4100F78947 /* YYModel.h */ = {isa = PBXFileReference; fileEncoding = 4; lastKnownFileType = sourcecode.c.h; path = YYModel.h; sourceTree = "<group>"; };
		FE3A40FF20DA0F4100F78947 /* NSObject+YYModel.m */ = {isa = PBXFileReference; fileEncoding = 4; lastKnownFileType = sourcecode.c.objc; path = "NSObject+YYModel.m"; sourceTree = "<group>"; };
		FE3A410020DA0F4100F78947 /* YYClassInfo.m */ = {isa = PBXFileReference; fileEncoding = 4; lastKnownFileType = sourcecode.c.objc; path = YYClassInfo.m; sourceTree = "<group>"; };
		FE3A410120DA0F4100F78947 /* NSObject+YYModel.h */ = {isa = PBXFileReference; fileEncoding = 4; lastKnownFileType = sourcecode.c.h; path = "NSObject+YYModel.h"; sourceTree = "<group>"; };
		FE3A410720DA220700F78947 /* GTModelProtocol.h */ = {isa = PBXFileReference; lastKnownFileType = sourcecode.c.h; path = GTModelProtocol.h; sourceTree = "<group>"; };
		FE3A410A20DA28AE00F78947 /* NSArray+GTTools.h */ = {isa = PBXFileReference; lastKnownFileType = sourcecode.c.h; path = "NSArray+GTTools.h"; sourceTree = "<group>"; };
		FE3A410B20DA28AE00F78947 /* NSArray+GTTools.m */ = {isa = PBXFileReference; lastKnownFileType = sourcecode.c.objc; path = "NSArray+GTTools.m"; sourceTree = "<group>"; };
		FE3A410E20DA3DF900F78947 /* NSArratTest.m */ = {isa = PBXFileReference; lastKnownFileType = sourcecode.c.objc; path = NSArratTest.m; sourceTree = "<group>"; };
		FE3A411020DA3E1000F78947 /* NSDictionaryTest.m */ = {isa = PBXFileReference; lastKnownFileType = sourcecode.c.objc; path = NSDictionaryTest.m; sourceTree = "<group>"; };
		FE3A411220DA3E2300F78947 /* GTModelTest.m */ = {isa = PBXFileReference; lastKnownFileType = sourcecode.c.objc; path = GTModelTest.m; sourceTree = "<group>"; };
		FE3A411820DA45AA00F78947 /* CAGradientLayer+GTTools.h */ = {isa = PBXFileReference; lastKnownFileType = sourcecode.c.h; path = "CAGradientLayer+GTTools.h"; sourceTree = "<group>"; };
		FE3A411920DA45AA00F78947 /* CAGradientLayer+GTTools.m */ = {isa = PBXFileReference; lastKnownFileType = sourcecode.c.objc; path = "CAGradientLayer+GTTools.m"; sourceTree = "<group>"; };
		FE3A411C20DA49F000F78947 /* UIColor+GTTools.m */ = {isa = PBXFileReference; fileEncoding = 4; lastKnownFileType = sourcecode.c.objc; path = "UIColor+GTTools.m"; sourceTree = "<group>"; };
		FE3A411D20DA49F000F78947 /* UIColor+GTTools.h */ = {isa = PBXFileReference; fileEncoding = 4; lastKnownFileType = sourcecode.c.h; path = "UIColor+GTTools.h"; sourceTree = "<group>"; };
		FE3A412020DA4D5900F78947 /* GTDateFormatterManager.h */ = {isa = PBXFileReference; lastKnownFileType = sourcecode.c.h; path = GTDateFormatterManager.h; sourceTree = "<group>"; };
		FE3A412120DA4D5900F78947 /* GTDateFormatterManager.m */ = {isa = PBXFileReference; lastKnownFileType = sourcecode.c.objc; path = GTDateFormatterManager.m; sourceTree = "<group>"; };
		FE3A412420DA55B800F78947 /* DateFormatterManagerTest.m */ = {isa = PBXFileReference; lastKnownFileType = sourcecode.c.objc; path = DateFormatterManagerTest.m; sourceTree = "<group>"; };
		FE3A412620DA62BC00F78947 /* GTSoftwareInfo.h */ = {isa = PBXFileReference; lastKnownFileType = sourcecode.c.h; path = GTSoftwareInfo.h; sourceTree = "<group>"; };
		FE3A412720DA62BC00F78947 /* GTSoftwareInfo.m */ = {isa = PBXFileReference; lastKnownFileType = sourcecode.c.objc; path = GTSoftwareInfo.m; sourceTree = "<group>"; };
		FE3A413220DA790E00F78947 /* UICKeyChainStore.h */ = {isa = PBXFileReference; fileEncoding = 4; lastKnownFileType = sourcecode.c.h; path = UICKeyChainStore.h; sourceTree = "<group>"; };
		FE3A413320DA790E00F78947 /* UICKeyChainStore.m */ = {isa = PBXFileReference; fileEncoding = 4; lastKnownFileType = sourcecode.c.objc; path = UICKeyChainStore.m; sourceTree = "<group>"; };
		FE3A413A20DB361700F78947 /* UIView+GTTools.h */ = {isa = PBXFileReference; lastKnownFileType = sourcecode.c.h; path = "UIView+GTTools.h"; sourceTree = "<group>"; };
		FE3A413B20DB361700F78947 /* UIView+GTTools.m */ = {isa = PBXFileReference; lastKnownFileType = sourcecode.c.objc; path = "UIView+GTTools.m"; sourceTree = "<group>"; };
		FE3A414220DB3F2F00F78947 /* GTMemoryCache.h */ = {isa = PBXFileReference; lastKnownFileType = sourcecode.c.h; path = GTMemoryCache.h; sourceTree = "<group>"; };
		FE3A414320DB3F2F00F78947 /* GTMemoryCache.m */ = {isa = PBXFileReference; lastKnownFileType = sourcecode.c.objc; path = GTMemoryCache.m; sourceTree = "<group>"; };
		FE3A414620DB3F5E00F78947 /* GTDiskCache.h */ = {isa = PBXFileReference; lastKnownFileType = sourcecode.c.h; path = GTDiskCache.h; sourceTree = "<group>"; };
		FE3A414720DB3F5E00F78947 /* GTDiskCache.m */ = {isa = PBXFileReference; lastKnownFileType = sourcecode.c.objc; path = GTDiskCache.m; sourceTree = "<group>"; };
		FE3A414A20DB3FF500F78947 /* GTWebView.h */ = {isa = PBXFileReference; lastKnownFileType = sourcecode.c.h; path = GTWebView.h; sourceTree = "<group>"; };
		FE3A414B20DB3FF500F78947 /* GTWebView.m */ = {isa = PBXFileReference; lastKnownFileType = sourcecode.c.objc; path = GTWebView.m; sourceTree = "<group>"; };
		FE3A419520DB786000F78947 /* Aspects.m */ = {isa = PBXFileReference; fileEncoding = 4; lastKnownFileType = sourcecode.c.objc; path = Aspects.m; sourceTree = "<group>"; };
		FE3A419620DB786000F78947 /* Aspects.h */ = {isa = PBXFileReference; fileEncoding = 4; lastKnownFileType = sourcecode.c.h; path = Aspects.h; sourceTree = "<group>"; };
		FE4E94E920E5C8BA00FEE678 /* StringTest.m */ = {isa = PBXFileReference; lastKnownFileType = sourcecode.c.objc; path = StringTest.m; sourceTree = "<group>"; };
		FE4E94EB20E5CF4E00FEE678 /* UIImage+GTTools.h */ = {isa = PBXFileReference; lastKnownFileType = sourcecode.c.h; path = "UIImage+GTTools.h"; sourceTree = "<group>"; };
		FE4E94EC20E5CF4E00FEE678 /* UIImage+GTTools.m */ = {isa = PBXFileReference; lastKnownFileType = sourcecode.c.objc; path = "UIImage+GTTools.m"; sourceTree = "<group>"; };
		FE4E94EF20E6152A00FEE678 /* NSAttributedString+GTTools.h */ = {isa = PBXFileReference; lastKnownFileType = sourcecode.c.h; path = "NSAttributedString+GTTools.h"; sourceTree = "<group>"; };
		FE4E94F020E6152B00FEE678 /* NSAttributedString+GTTools.m */ = {isa = PBXFileReference; lastKnownFileType = sourcecode.c.objc; path = "NSAttributedString+GTTools.m"; sourceTree = "<group>"; };
		FE4E94F320E61C2700FEE678 /* UIImageView+GTTools.h */ = {isa = PBXFileReference; lastKnownFileType = sourcecode.c.h; path = "UIImageView+GTTools.h"; sourceTree = "<group>"; };
		FE4E94F420E61C2700FEE678 /* UIImageView+GTTools.m */ = {isa = PBXFileReference; lastKnownFileType = sourcecode.c.objc; path = "UIImageView+GTTools.m"; sourceTree = "<group>"; };
		FE4E94F720E61F6F00FEE678 /* UILabel+GTTools.h */ = {isa = PBXFileReference; lastKnownFileType = sourcecode.c.h; path = "UILabel+GTTools.h"; sourceTree = "<group>"; };
		FE4E94F820E61F6F00FEE678 /* UILabel+GTTools.m */ = {isa = PBXFileReference; lastKnownFileType = sourcecode.c.objc; path = "UILabel+GTTools.m"; sourceTree = "<group>"; };
		FE4E94FB20E6279B00FEE678 /* UIFont+GTTools.h */ = {isa = PBXFileReference; lastKnownFileType = sourcecode.c.h; path = "UIFont+GTTools.h"; sourceTree = "<group>"; };
		FE4E94FC20E6279B00FEE678 /* UIFont+GTTools.m */ = {isa = PBXFileReference; lastKnownFileType = sourcecode.c.objc; path = "UIFont+GTTools.m"; sourceTree = "<group>"; };
		FE4E94FF20E628E700FEE678 /* NSData+GTTools.h */ = {isa = PBXFileReference; lastKnownFileType = sourcecode.c.h; path = "NSData+GTTools.h"; sourceTree = "<group>"; };
		FE4E950020E628E700FEE678 /* NSData+GTTools.m */ = {isa = PBXFileReference; lastKnownFileType = sourcecode.c.objc; path = "NSData+GTTools.m"; sourceTree = "<group>"; };
		FE4E950320E6338300FEE678 /* UIButton+GTTools.h */ = {isa = PBXFileReference; lastKnownFileType = sourcecode.c.h; path = "UIButton+GTTools.h"; sourceTree = "<group>"; };
		FE4E950420E6338300FEE678 /* UIButton+GTTools.m */ = {isa = PBXFileReference; lastKnownFileType = sourcecode.c.objc; path = "UIButton+GTTools.m"; sourceTree = "<group>"; };
		FE62891420DCA50100AA27B5 /* GTBaseJSBridge.h */ = {isa = PBXFileReference; lastKnownFileType = sourcecode.c.h; path = GTBaseJSBridge.h; sourceTree = "<group>"; };
		FE62891520DCA50100AA27B5 /* GTBaseJSBridge.m */ = {isa = PBXFileReference; lastKnownFileType = sourcecode.c.objc; path = GTBaseJSBridge.m; sourceTree = "<group>"; };
		FE62891820DE00DC00AA27B5 /* NSString+GTTools.h */ = {isa = PBXFileReference; lastKnownFileType = sourcecode.c.h; path = "NSString+GTTools.h"; sourceTree = "<group>"; };
		FE62891920DE00DC00AA27B5 /* NSString+GTTools.m */ = {isa = PBXFileReference; lastKnownFileType = sourcecode.c.objc; path = "NSString+GTTools.m"; sourceTree = "<group>"; };
		FE76EEB9212E8F02004F5BDC /* GTTableViewAdapterSectionItem.h */ = {isa = PBXFileReference; lastKnownFileType = sourcecode.c.h; path = GTTableViewAdapterSectionItem.h; sourceTree = "<group>"; };
		FE76EEBA212E8F02004F5BDC /* GTTableViewAdapterSectionItem.m */ = {isa = PBXFileReference; lastKnownFileType = sourcecode.c.objc; path = GTTableViewAdapterSectionItem.m; sourceTree = "<group>"; };
		FE7E09752113E6B7002E109F /* GTEventBusTest.m */ = {isa = PBXFileReference; lastKnownFileType = sourcecode.c.objc; path = GTEventBusTest.m; sourceTree = "<group>"; };
		FE7E09C521143A2E002E109F /* GTMemoryCacheTest.m */ = {isa = PBXFileReference; lastKnownFileType = sourcecode.c.objc; path = GTMemoryCacheTest.m; sourceTree = "<group>"; };
		FE7E09CA21144E48002E109F /* GTCache.h */ = {isa = PBXFileReference; lastKnownFileType = sourcecode.c.h; path = GTCache.h; sourceTree = "<group>"; };
		FE7E09CB21144E48002E109F /* GTCache.m */ = {isa = PBXFileReference; lastKnownFileType = sourcecode.c.objc; path = GTCache.m; sourceTree = "<group>"; };
		FE8AE5A3211701D500AC264F /* GTTimer.h */ = {isa = PBXFileReference; lastKnownFileType = sourcecode.c.h; path = GTTimer.h; sourceTree = "<group>"; };
		FE8AE5A4211701D500AC264F /* GTTimer.m */ = {isa = PBXFileReference; lastKnownFileType = sourcecode.c.objc; path = GTTimer.m; sourceTree = "<group>"; };
		FE9CC9C52117FA0D00D2ADAF /* GTTimerTest.m */ = {isa = PBXFileReference; lastKnownFileType = sourcecode.c.objc; path = GTTimerTest.m; sourceTree = "<group>"; };
		FEB3DEF4212D52C700BBBB10 /* GTTableViewAdapter.h */ = {isa = PBXFileReference; lastKnownFileType = sourcecode.c.h; path = GTTableViewAdapter.h; sourceTree = "<group>"; };
		FEB3DEF5212D52C700BBBB10 /* GTTableViewAdapter.m */ = {isa = PBXFileReference; lastKnownFileType = sourcecode.c.objc; path = GTTableViewAdapter.m; sourceTree = "<group>"; };
		FEBB9B8B2126C4770037EB38 /* GTMutableThreads.h */ = {isa = PBXFileReference; lastKnownFileType = sourcecode.c.h; path = GTMutableThreads.h; sourceTree = "<group>"; };
		FEBB9B8D2126C94E0037EB38 /* GTMutableThreads.m */ = {isa = PBXFileReference; lastKnownFileType = sourcecode.c.objc; path = GTMutableThreads.m; sourceTree = "<group>"; };
		FEDD154721118444007A6F7F /* GTFileManager.h */ = {isa = PBXFileReference; lastKnownFileType = sourcecode.c.h; path = GTFileManager.h; sourceTree = "<group>"; };
		FEDD154821118444007A6F7F /* GTFileManager.m */ = {isa = PBXFileReference; lastKnownFileType = sourcecode.c.objc; path = GTFileManager.m; sourceTree = "<group>"; };
		FEDD15782112FF8C007A6F7F /* GTDiskCacheTest.m */ = {isa = PBXFileReference; lastKnownFileType = sourcecode.c.objc; path = GTDiskCacheTest.m; sourceTree = "<group>"; };
/* End PBXFileReference section */

/* Begin PBXFrameworksBuildPhase section */
		FE3A40C920D9E93100F78947 /* Frameworks */ = {
			isa = PBXFrameworksBuildPhase;
			buildActionMask = 2147483647;
			files = (
			);
			runOnlyForDeploymentPostprocessing = 0;
		};
		FE3A40D320D9E93100F78947 /* Frameworks */ = {
			isa = PBXFrameworksBuildPhase;
			buildActionMask = 2147483647;
			files = (
				FE3A40D720D9E93100F78947 /* GTTools.framework in Frameworks */,
			);
			runOnlyForDeploymentPostprocessing = 0;
		};
/* End PBXFrameworksBuildPhase section */

/* Begin PBXGroup section */
		FE212ABC20EF6EE40046520F /* MVVM */ = {
			isa = PBXGroup;
			children = (
			);
			path = MVVM;
			sourceTree = "<group>";
		};
		FE212AC120F2F7CF0046520F /* GTRouter */ = {
			isa = PBXGroup;
			children = (
				FE0F8D51210EE9B80026355D /* GTEventBus.h */,
				FE0F8D52210EE9B80026355D /* GTEventBus.m */,
				FE0F8D66210FFA590026355D /* GTRoute.h */,
				FE0F8D64210FFA590026355D /* GTRoute.m */,
				FE0F8D65210FFA590026355D /* GTRoute+OpenURL.h */,
				FE0F8D5F210FFA590026355D /* GTRoute+OpenURL.m */,
				FE0F8D63210FFA590026355D /* GTRoute+PresentViewController.h */,
				FE0F8D61210FFA590026355D /* GTRoute+PresentViewController.m */,
				FE0F8D67210FFA590026355D /* GTRouteGlobalConstant.h */,
				FE0F8D60210FFA590026355D /* GTRouteGlobalConstant.m */,
				FE0F8D62210FFA590026355D /* UIViewControllerRouteProtocol.h */,
			);
			path = GTRouter;
			sourceTree = "<group>";
		};
		FE3A40C320D9E93100F78947 = {
			isa = PBXGroup;
			children = (
				FE3A40CF20D9E93100F78947 /* GTTools */,
				FE3A40DA20D9E93100F78947 /* GTToolsTests */,
				FE3A40CE20D9E93100F78947 /* Products */,
			);
			sourceTree = "<group>";
		};
		FE3A40CE20D9E93100F78947 /* Products */ = {
			isa = PBXGroup;
			children = (
				FE3A40CD20D9E93100F78947 /* GTTools.framework */,
				FE3A40D620D9E93100F78947 /* GTToolsTests.xctest */,
			);
			name = Products;
			sourceTree = "<group>";
		};
		FE3A40CF20D9E93100F78947 /* GTTools */ = {
			isa = PBXGroup;
			children = (
				FE3A40D020D9E93100F78947 /* GTTools.h */,
				FE3A40D120D9E93100F78947 /* Info.plist */,
				FE3A40F320DA00BE00F78947 /* GTNullFilter.h */,
				FE3A40F420DA00BE00F78947 /* GTNullFilter.m */,
				FE3A412020DA4D5900F78947 /* GTDateFormatterManager.h */,
				FE3A412120DA4D5900F78947 /* GTDateFormatterManager.m */,
				FE3A412620DA62BC00F78947 /* GTSoftwareInfo.h */,
				FE3A412720DA62BC00F78947 /* GTSoftwareInfo.m */,
				FE8AE5A3211701D500AC264F /* GTTimer.h */,
				FE8AE5A4211701D500AC264F /* GTTimer.m */,
				FEBB9B8B2126C4770037EB38 /* GTMutableThreads.h */,
				FEBB9B8D2126C94E0037EB38 /* GTMutableThreads.m */,
				FEB3DEF3212D50A800BBBB10 /* UICollectionViewAdapter */,
				FEB3DEF2212D4FA900BBBB10 /* UITableViewAdapter */,
				FE212AC120F2F7CF0046520F /* GTRouter */,
				FE212ABC20EF6EE40046520F /* MVVM */,
				FE3A419420DB756B00F78947 /* GTSwizzle */,
				FE3A413020DA781100F78947 /* GTWebView */,
				FE3A412F20DA77FE00F78947 /* GTNetwork */,
				FE3A412E20DA77ED00F78947 /* GTCache */,
				FE3A410920DA285600F78947 /* NSCategory */,
				FE3A40FB20DA0ECC00F78947 /* GTModel */,
			);
			path = GTTools;
			sourceTree = "<group>";
		};
		FE3A40DA20D9E93100F78947 /* GTToolsTests */ = {
			isa = PBXGroup;
			children = (
				FE3A40DB20D9E93100F78947 /* GTToolsTests.m */,
				FE3A410E20DA3DF900F78947 /* NSArratTest.m */,
				FE3A411020DA3E1000F78947 /* NSDictionaryTest.m */,
				FE3A411220DA3E2300F78947 /* GTModelTest.m */,
				FE3A412420DA55B800F78947 /* DateFormatterManagerTest.m */,
				FE4E94E920E5C8BA00FEE678 /* StringTest.m */,
				FE0F8D7C211055070026355D /* NSURLTest.m */,
				FEDD15782112FF8C007A6F7F /* GTDiskCacheTest.m */,
				FE7E09752113E6B7002E109F /* GTEventBusTest.m */,
				FE7E09C521143A2E002E109F /* GTMemoryCacheTest.m */,
				FE9CC9C52117FA0D00D2ADAF /* GTTimerTest.m */,
				FE3A40DD20D9E93100F78947 /* Info.plist */,
			);
			path = GTToolsTests;
			sourceTree = "<group>";
		};
		FE3A40FB20DA0ECC00F78947 /* GTModel */ = {
			isa = PBXGroup;
			children = (
				FE3A40F720DA0EC000F78947 /* GTModelManager.h */,
				FE3A40F820DA0EC000F78947 /* GTModelManager.m */,
				FE3A410720DA220700F78947 /* GTModelProtocol.h */,
				FE3A40FC20DA0F4100F78947 /* YYModel */,
			);
			path = GTModel;
			sourceTree = "<group>";
		};
		FE3A40FC20DA0F4100F78947 /* YYModel */ = {
			isa = PBXGroup;
			children = (
				FE3A40FE20DA0F4100F78947 /* YYModel.h */,
				FE3A40FD20DA0F4100F78947 /* YYClassInfo.h */,
				FE3A410020DA0F4100F78947 /* YYClassInfo.m */,
				FE3A410120DA0F4100F78947 /* NSObject+YYModel.h */,
				FE3A40FF20DA0F4100F78947 /* NSObject+YYModel.m */,
			);
			path = YYModel;
			sourceTree = "<group>";
		};
		FE3A410920DA285600F78947 /* NSCategory */ = {
			isa = PBXGroup;
			children = (
				FE3A40E720D9F0EC00F78947 /* NSDictionary+GTTools.h */,
				FE3A40E820D9F0EC00F78947 /* NSDictionary+GTTools.m */,
				FE3A410A20DA28AE00F78947 /* NSArray+GTTools.h */,
				FE3A410B20DA28AE00F78947 /* NSArray+GTTools.m */,
				FE3A411D20DA49F000F78947 /* UIColor+GTTools.h */,
				FE3A411C20DA49F000F78947 /* UIColor+GTTools.m */,
				FE3A411820DA45AA00F78947 /* CAGradientLayer+GTTools.h */,
				FE3A411920DA45AA00F78947 /* CAGradientLayer+GTTools.m */,
				FE3A413A20DB361700F78947 /* UIView+GTTools.h */,
				FE3A413B20DB361700F78947 /* UIView+GTTools.m */,
				FE62891820DE00DC00AA27B5 /* NSString+GTTools.h */,
				FE62891920DE00DC00AA27B5 /* NSString+GTTools.m */,
				FE0F8D782110442F0026355D /* NSURL+GTTools.h */,
				FE0F8D792110442F0026355D /* NSURL+GTTools.m */,
				FE4E94EF20E6152A00FEE678 /* NSAttributedString+GTTools.h */,
				FE4E94F020E6152B00FEE678 /* NSAttributedString+GTTools.m */,
				FE4E94F720E61F6F00FEE678 /* UILabel+GTTools.h */,
				FE4E94F820E61F6F00FEE678 /* UILabel+GTTools.m */,
				FE4E94EB20E5CF4E00FEE678 /* UIImage+GTTools.h */,
				FE4E94EC20E5CF4E00FEE678 /* UIImage+GTTools.m */,
				FE4E94F320E61C2700FEE678 /* UIImageView+GTTools.h */,
				FE4E94F420E61C2700FEE678 /* UIImageView+GTTools.m */,
				FE4E94FB20E6279B00FEE678 /* UIFont+GTTools.h */,
				FE4E94FC20E6279B00FEE678 /* UIFont+GTTools.m */,
				FE4E94FF20E628E700FEE678 /* NSData+GTTools.h */,
				FE4E950020E628E700FEE678 /* NSData+GTTools.m */,
				FE4E950320E6338300FEE678 /* UIButton+GTTools.h */,
				FE4E950420E6338300FEE678 /* UIButton+GTTools.m */,
			);
			path = NSCategory;
			sourceTree = "<group>";
		};
		FE3A412E20DA77ED00F78947 /* GTCache */ = {
			isa = PBXGroup;
			children = (
				FE3A413220DA790E00F78947 /* UICKeyChainStore.h */,
				FE3A413320DA790E00F78947 /* UICKeyChainStore.m */,
				FE3A414220DB3F2F00F78947 /* GTMemoryCache.h */,
				FE3A414320DB3F2F00F78947 /* GTMemoryCache.m */,
				FE3A414620DB3F5E00F78947 /* GTDiskCache.h */,
				FE3A414720DB3F5E00F78947 /* GTDiskCache.m */,
				FEDD154721118444007A6F7F /* GTFileManager.h */,
				FEDD154821118444007A6F7F /* GTFileManager.m */,
				FE7E09CA21144E48002E109F /* GTCache.h */,
				FE7E09CB21144E48002E109F /* GTCache.m */,
			);
			path = GTCache;
			sourceTree = "<group>";
		};
		FE3A412F20DA77FE00F78947 /* GTNetwork */ = {
			isa = PBXGroup;
			children = (
				FE3591A820E718B300D54269 /* GTBaseNetwork.h */,
				FE3591A920E718B300D54269 /* GTBaseNetwork.m */,
			);
			path = GTNetwork;
			sourceTree = "<group>";
		};
		FE3A413020DA781100F78947 /* GTWebView */ = {
			isa = PBXGroup;
			children = (
				FE3A414A20DB3FF500F78947 /* GTWebView.h */,
				FE3A414B20DB3FF500F78947 /* GTWebView.m */,
				FE212ABA20EDFA660046520F /* GTWebViewJSBridge_JS.h */,
				FE212AB820EDFA570046520F /* GTWebViewJSBridge_JS.m */,
				FE1E040720E1D4DF00FB080E /* GTUIWebViewJSBridge.h */,
				FE1E040820E1D4DF00FB080E /* GTUIWebViewJSBridge.m */,
				FE1E040B20E1D4F900FB080E /* GTWKWebViewJSBridge.h */,
				FE1E040C20E1D4F900FB080E /* GTWKWebViewJSBridge.m */,
				FE62891420DCA50100AA27B5 /* GTBaseJSBridge.h */,
				FE62891520DCA50100AA27B5 /* GTBaseJSBridge.m */,
			);
			path = GTWebView;
			sourceTree = "<group>";
		};
		FE3A419420DB756B00F78947 /* GTSwizzle */ = {
			isa = PBXGroup;
			children = (
				FE3A419620DB786000F78947 /* Aspects.h */,
				FE3A419520DB786000F78947 /* Aspects.m */,
			);
			path = GTSwizzle;
			sourceTree = "<group>";
		};
		FEB3DEF2212D4FA900BBBB10 /* UITableViewAdapter */ = {
			isa = PBXGroup;
			children = (
				FEB3DEF4212D52C700BBBB10 /* GTTableViewAdapter.h */,
				FEB3DEF5212D52C700BBBB10 /* GTTableViewAdapter.m */,
				FE76EEB9212E8F02004F5BDC /* GTTableViewAdapterSectionItem.h */,
				FE76EEBA212E8F02004F5BDC /* GTTableViewAdapterSectionItem.m */,
			);
			path = UITableViewAdapter;
			sourceTree = "<group>";
		};
		FEB3DEF3212D50A800BBBB10 /* UICollectionViewAdapter */ = {
			isa = PBXGroup;
			children = (
			);
			path = UICollectionViewAdapter;
			sourceTree = "<group>";
		};
/* End PBXGroup section */

/* Begin PBXHeadersBuildPhase section */
		FE3A40CA20D9E93100F78947 /* Headers */ = {
			isa = PBXHeadersBuildPhase;
			buildActionMask = 2147483647;
			files = (
				FE4E94F520E61C2700FEE678 /* UIImageView+GTTools.h in Headers */,
				FE8AE5A5211701D500AC264F /* GTTimer.h in Headers */,
				FE3A40E920D9F0EC00F78947 /* NSDictionary+GTTools.h in Headers */,
				FE0F8D53210EE9B80026355D /* GTEventBus.h in Headers */,
				FE62891620DCA50100AA27B5 /* GTBaseJSBridge.h in Headers */,
				FE1E040920E1D4DF00FB080E /* GTUIWebViewJSBridge.h in Headers */,
				FE3A413C20DB361700F78947 /* UIView+GTTools.h in Headers */,
				FE3A412220DA4D5900F78947 /* GTDateFormatterManager.h in Headers */,
				FE0F8D6E210FFA5A0026355D /* GTRoute+OpenURL.h in Headers */,
				FE3A40F520DA00BE00F78947 /* GTNullFilter.h in Headers */,
				FE4E94FD20E6279B00FEE678 /* UIFont+GTTools.h in Headers */,
				FEDD154921118444007A6F7F /* GTFileManager.h in Headers */,
				FE3591AA20E718B300D54269 /* GTBaseNetwork.h in Headers */,
				FE1E040D20E1D4F900FB080E /* GTWKWebViewJSBridge.h in Headers */,
				FE212ABB20EDFA660046520F /* GTWebViewJSBridge_JS.h in Headers */,
				FE0F8D70210FFA5A0026355D /* GTRouteGlobalConstant.h in Headers */,
				FE3A40F920DA0EC000F78947 /* GTModelManager.h in Headers */,
				FE7E09CC21144E48002E109F /* GTCache.h in Headers */,
				FE3A410320DA0F4100F78947 /* YYModel.h in Headers */,
				FE4E94ED20E5CF4E00FEE678 /* UIImage+GTTools.h in Headers */,
				FE0F8D7A2110442F0026355D /* NSURL+GTTools.h in Headers */,
				FE3A411F20DA49F000F78947 /* UIColor+GTTools.h in Headers */,
				FE3A412820DA62BC00F78947 /* GTSoftwareInfo.h in Headers */,
				FE4E94F920E61F6F00FEE678 /* UILabel+GTTools.h in Headers */,
				FE3A411A20DA45AA00F78947 /* CAGradientLayer+GTTools.h in Headers */,
				FE3A410220DA0F4100F78947 /* YYClassInfo.h in Headers */,
				FE76EEBB212E8F02004F5BDC /* GTTableViewAdapterSectionItem.h in Headers */,
				FE4E950120E628E700FEE678 /* NSData+GTTools.h in Headers */,
				FE0F8D6F210FFA5A0026355D /* GTRoute.h in Headers */,
				FE3A419820DB786000F78947 /* Aspects.h in Headers */,
				FE4E950520E6338300FEE678 /* UIButton+GTTools.h in Headers */,
				FE0F8D6B210FFA5A0026355D /* UIViewControllerRouteProtocol.h in Headers */,
				FEBB9B8C2126C4770037EB38 /* GTMutableThreads.h in Headers */,
				FE3A410820DA220700F78947 /* GTModelProtocol.h in Headers */,
				FE3A414420DB3F2F00F78947 /* GTMemoryCache.h in Headers */,
				FE62891A20DE00DC00AA27B5 /* NSString+GTTools.h in Headers */,
				FE3A410C20DA28AE00F78947 /* NSArray+GTTools.h in Headers */,
				FE3A40DE20D9E93100F78947 /* GTTools.h in Headers */,
				FE3A413420DA790E00F78947 /* UICKeyChainStore.h in Headers */,
				FE3A410620DA0F4100F78947 /* NSObject+YYModel.h in Headers */,
				FE4E94F120E6152B00FEE678 /* NSAttributedString+GTTools.h in Headers */,
				FE0F8D6C210FFA5A0026355D /* GTRoute+PresentViewController.h in Headers */,
				FEB3DEF6212D52C700BBBB10 /* GTTableViewAdapter.h in Headers */,
				FE3A414820DB3F5E00F78947 /* GTDiskCache.h in Headers */,
				FE3A414C20DB3FF500F78947 /* GTWebView.h in Headers */,
			);
			runOnlyForDeploymentPostprocessing = 0;
		};
/* End PBXHeadersBuildPhase section */

/* Begin PBXNativeTarget section */
		FE3A40CC20D9E93100F78947 /* GTTools */ = {
			isa = PBXNativeTarget;
			buildConfigurationList = FE3A40E120D9E93100F78947 /* Build configuration list for PBXNativeTarget "GTTools" */;
			buildPhases = (
				FE3A40C820D9E93100F78947 /* Sources */,
				FE3A40C920D9E93100F78947 /* Frameworks */,
				FE3A40CA20D9E93100F78947 /* Headers */,
				FE3A40CB20D9E93100F78947 /* Resources */,
			);
			buildRules = (
			);
			dependencies = (
			);
			name = GTTools;
			productName = GTTools;
			productReference = FE3A40CD20D9E93100F78947 /* GTTools.framework */;
			productType = "com.apple.product-type.framework";
		};
		FE3A40D520D9E93100F78947 /* GTToolsTests */ = {
			isa = PBXNativeTarget;
			buildConfigurationList = FE3A40E420D9E93100F78947 /* Build configuration list for PBXNativeTarget "GTToolsTests" */;
			buildPhases = (
				FE3A40D220D9E93100F78947 /* Sources */,
				FE3A40D320D9E93100F78947 /* Frameworks */,
				FE3A40D420D9E93100F78947 /* Resources */,
			);
			buildRules = (
			);
			dependencies = (
				FE3A40D920D9E93100F78947 /* PBXTargetDependency */,
			);
			name = GTToolsTests;
			productName = GTToolsTests;
			productReference = FE3A40D620D9E93100F78947 /* GTToolsTests.xctest */;
			productType = "com.apple.product-type.bundle.unit-test";
		};
/* End PBXNativeTarget section */

/* Begin PBXProject section */
		FE3A40C420D9E93100F78947 /* Project object */ = {
			isa = PBXProject;
			attributes = {
				LastUpgradeCheck = 0930;
				ORGANIZATIONNAME = "吴华林";
				TargetAttributes = {
					FE3A40CC20D9E93100F78947 = {
						CreatedOnToolsVersion = 9.3;
					};
					FE3A40D520D9E93100F78947 = {
						CreatedOnToolsVersion = 9.3;
					};
				};
			};
			buildConfigurationList = FE3A40C720D9E93100F78947 /* Build configuration list for PBXProject "GTTools" */;
			compatibilityVersion = "Xcode 9.3";
			developmentRegion = en;
			hasScannedForEncodings = 0;
			knownRegions = (
				en,
			);
			mainGroup = FE3A40C320D9E93100F78947;
			productRefGroup = FE3A40CE20D9E93100F78947 /* Products */;
			projectDirPath = "";
			projectRoot = "";
			targets = (
				FE3A40CC20D9E93100F78947 /* GTTools */,
				FE3A40D520D9E93100F78947 /* GTToolsTests */,
			);
		};
/* End PBXProject section */

/* Begin PBXResourcesBuildPhase section */
		FE3A40CB20D9E93100F78947 /* Resources */ = {
			isa = PBXResourcesBuildPhase;
			buildActionMask = 2147483647;
			files = (
			);
			runOnlyForDeploymentPostprocessing = 0;
		};
		FE3A40D420D9E93100F78947 /* Resources */ = {
			isa = PBXResourcesBuildPhase;
			buildActionMask = 2147483647;
			files = (
			);
			runOnlyForDeploymentPostprocessing = 0;
		};
/* End PBXResourcesBuildPhase section */

/* Begin PBXSourcesBuildPhase section */
		FE3A40C820D9E93100F78947 /* Sources */ = {
			isa = PBXSourcesBuildPhase;
			buildActionMask = 2147483647;
			files = (
				FE4E94FA20E61F6F00FEE678 /* UILabel+GTTools.m in Sources */,
				FEBB9B8E2126C94E0037EB38 /* GTMutableThreads.m in Sources */,
				FE4E94FE20E6279B00FEE678 /* UIFont+GTTools.m in Sources */,
				FE3A411E20DA49F000F78947 /* UIColor+GTTools.m in Sources */,
				FE3A40EA20D9F0EC00F78947 /* NSDictionary+GTTools.m in Sources */,
				FE3A40FA20DA0EC000F78947 /* GTModelManager.m in Sources */,
				FE0F8D7B2110442F0026355D /* NSURL+GTTools.m in Sources */,
				FE8AE5A6211701D500AC264F /* GTTimer.m in Sources */,
				FE62891B20DE00DC00AA27B5 /* NSString+GTTools.m in Sources */,
				FE76EEBC212E8F02004F5BDC /* GTTableViewAdapterSectionItem.m in Sources */,
				FE4E950620E6338300FEE678 /* UIButton+GTTools.m in Sources */,
				FE0F8D54210EE9B80026355D /* GTEventBus.m in Sources */,
				FE1E040A20E1D4DF00FB080E /* GTUIWebViewJSBridge.m in Sources */,
				FE3A411B20DA45AA00F78947 /* CAGradientLayer+GTTools.m in Sources */,
				FE3A40F620DA00BE00F78947 /* GTNullFilter.m in Sources */,
				FE3A414920DB3F5E00F78947 /* GTDiskCache.m in Sources */,
				FE3A410D20DA28AE00F78947 /* NSArray+GTTools.m in Sources */,
				FE0F8D68210FFA5A0026355D /* GTRoute+OpenURL.m in Sources */,
				FE3A412920DA62BC00F78947 /* GTSoftwareInfo.m in Sources */,
				FE0F8D6D210FFA5A0026355D /* GTRoute.m in Sources */,
				FE3591AB20E718B300D54269 /* GTBaseNetwork.m in Sources */,
				FE0F8D6A210FFA5A0026355D /* GTRoute+PresentViewController.m in Sources */,
				FE4E94EE20E5CF4E00FEE678 /* UIImage+GTTools.m in Sources */,
				FE0F8D69210FFA5A0026355D /* GTRouteGlobalConstant.m in Sources */,
				FE4E94F620E61C2700FEE678 /* UIImageView+GTTools.m in Sources */,
				FE4E94F220E6152B00FEE678 /* NSAttributedString+GTTools.m in Sources */,
				FE3A410520DA0F4100F78947 /* YYClassInfo.m in Sources */,
				FE3A414520DB3F2F00F78947 /* GTMemoryCache.m in Sources */,
				FE3A414D20DB3FF500F78947 /* GTWebView.m in Sources */,
				FE3A413D20DB361700F78947 /* UIView+GTTools.m in Sources */,
				FE212AB920EDFA570046520F /* GTWebViewJSBridge_JS.m in Sources */,
				FEB3DEF7212D52C700BBBB10 /* GTTableViewAdapter.m in Sources */,
				FE7E09CD21144E48002E109F /* GTCache.m in Sources */,
				FE62891720DCA50100AA27B5 /* GTBaseJSBridge.m in Sources */,
				FE1E040E20E1D4F900FB080E /* GTWKWebViewJSBridge.m in Sources */,
				FEDD154A21118444007A6F7F /* GTFileManager.m in Sources */,
				FE3A419720DB786000F78947 /* Aspects.m in Sources */,
				FE3A412320DA4D5900F78947 /* GTDateFormatterManager.m in Sources */,
				FE3A410420DA0F4100F78947 /* NSObject+YYModel.m in Sources */,
				FE3A413520DA790E00F78947 /* UICKeyChainStore.m in Sources */,
				FE4E950220E628E700FEE678 /* NSData+GTTools.m in Sources */,
			);
			runOnlyForDeploymentPostprocessing = 0;
		};
		FE3A40D220D9E93100F78947 /* Sources */ = {
			isa = PBXSourcesBuildPhase;
			buildActionMask = 2147483647;
			files = (
				FE3A411320DA3E2300F78947 /* GTModelTest.m in Sources */,
				FE7E09C621143A2E002E109F /* GTMemoryCacheTest.m in Sources */,
				FE3A412520DA55B800F78947 /* DateFormatterManagerTest.m in Sources */,
				FE0F8D7D211055070026355D /* NSURLTest.m in Sources */,
				FE4E94EA20E5C8BA00FEE678 /* StringTest.m in Sources */,
				FE3A40DC20D9E93100F78947 /* GTToolsTests.m in Sources */,
				FE3A410F20DA3DF900F78947 /* NSArratTest.m in Sources */,
				FEDD15792112FF8C007A6F7F /* GTDiskCacheTest.m in Sources */,
				FE7E09762113E6B7002E109F /* GTEventBusTest.m in Sources */,
				FE9CC9C62117FA0D00D2ADAF /* GTTimerTest.m in Sources */,
				FE3A411120DA3E1000F78947 /* NSDictionaryTest.m in Sources */,
			);
			runOnlyForDeploymentPostprocessing = 0;
		};
/* End PBXSourcesBuildPhase section */

/* Begin PBXTargetDependency section */
		FE3A40D920D9E93100F78947 /* PBXTargetDependency */ = {
			isa = PBXTargetDependency;
			target = FE3A40CC20D9E93100F78947 /* GTTools */;
			targetProxy = FE3A40D820D9E93100F78947 /* PBXContainerItemProxy */;
		};
/* End PBXTargetDependency section */

/* Begin XCBuildConfiguration section */
		FE3A40DF20D9E93100F78947 /* Debug */ = {
			isa = XCBuildConfiguration;
			buildSettings = {
				ALWAYS_SEARCH_USER_PATHS = NO;
				CLANG_ANALYZER_NONNULL = YES;
				CLANG_ANALYZER_NUMBER_OBJECT_CONVERSION = YES_AGGRESSIVE;
				CLANG_CXX_LANGUAGE_STANDARD = "gnu++14";
				CLANG_CXX_LIBRARY = "libc++";
				CLANG_ENABLE_MODULES = YES;
				CLANG_ENABLE_OBJC_ARC = YES;
				CLANG_ENABLE_OBJC_WEAK = YES;
				CLANG_WARN_BLOCK_CAPTURE_AUTORELEASING = YES;
				CLANG_WARN_BOOL_CONVERSION = YES;
				CLANG_WARN_COMMA = YES;
				CLANG_WARN_CONSTANT_CONVERSION = YES;
				CLANG_WARN_DEPRECATED_OBJC_IMPLEMENTATIONS = YES;
				CLANG_WARN_DIRECT_OBJC_ISA_USAGE = YES_ERROR;
				CLANG_WARN_DOCUMENTATION_COMMENTS = YES;
				CLANG_WARN_EMPTY_BODY = YES;
				CLANG_WARN_ENUM_CONVERSION = YES;
				CLANG_WARN_INFINITE_RECURSION = YES;
				CLANG_WARN_INT_CONVERSION = YES;
				CLANG_WARN_NON_LITERAL_NULL_CONVERSION = YES;
				CLANG_WARN_OBJC_IMPLICIT_RETAIN_SELF = YES;
				CLANG_WARN_OBJC_LITERAL_CONVERSION = YES;
				CLANG_WARN_OBJC_ROOT_CLASS = YES_ERROR;
				CLANG_WARN_RANGE_LOOP_ANALYSIS = YES;
				CLANG_WARN_STRICT_PROTOTYPES = YES;
				CLANG_WARN_SUSPICIOUS_MOVE = YES;
				CLANG_WARN_UNGUARDED_AVAILABILITY = YES_AGGRESSIVE;
				CLANG_WARN_UNREACHABLE_CODE = YES;
				CLANG_WARN__DUPLICATE_METHOD_MATCH = YES;
				CODE_SIGN_IDENTITY = "iPhone Developer";
				COPY_PHASE_STRIP = NO;
				CURRENT_PROJECT_VERSION = 1;
				DEBUG_INFORMATION_FORMAT = dwarf;
				ENABLE_STRICT_OBJC_MSGSEND = YES;
				ENABLE_TESTABILITY = YES;
				GCC_C_LANGUAGE_STANDARD = gnu11;
				GCC_DYNAMIC_NO_PIC = NO;
				GCC_NO_COMMON_BLOCKS = YES;
				GCC_OPTIMIZATION_LEVEL = 0;
				GCC_PREPROCESSOR_DEFINITIONS = (
					"DEBUG=1",
					"$(inherited)",
				);
				GCC_WARN_64_TO_32_BIT_CONVERSION = YES;
				GCC_WARN_ABOUT_RETURN_TYPE = YES_ERROR;
				GCC_WARN_UNDECLARED_SELECTOR = YES;
				GCC_WARN_UNINITIALIZED_AUTOS = YES_AGGRESSIVE;
				GCC_WARN_UNUSED_FUNCTION = YES;
				GCC_WARN_UNUSED_VARIABLE = YES;
				IPHONEOS_DEPLOYMENT_TARGET = 11.3;
				MTL_ENABLE_DEBUG_INFO = YES;
				ONLY_ACTIVE_ARCH = YES;
				SDKROOT = iphoneos;
				VERSIONING_SYSTEM = "apple-generic";
				VERSION_INFO_PREFIX = "";
			};
			name = Debug;
		};
		FE3A40E020D9E93100F78947 /* Release */ = {
			isa = XCBuildConfiguration;
			buildSettings = {
				ALWAYS_SEARCH_USER_PATHS = NO;
				CLANG_ANALYZER_NONNULL = YES;
				CLANG_ANALYZER_NUMBER_OBJECT_CONVERSION = YES_AGGRESSIVE;
				CLANG_CXX_LANGUAGE_STANDARD = "gnu++14";
				CLANG_CXX_LIBRARY = "libc++";
				CLANG_ENABLE_MODULES = YES;
				CLANG_ENABLE_OBJC_ARC = YES;
				CLANG_ENABLE_OBJC_WEAK = YES;
				CLANG_WARN_BLOCK_CAPTURE_AUTORELEASING = YES;
				CLANG_WARN_BOOL_CONVERSION = YES;
				CLANG_WARN_COMMA = YES;
				CLANG_WARN_CONSTANT_CONVERSION = YES;
				CLANG_WARN_DEPRECATED_OBJC_IMPLEMENTATIONS = YES;
				CLANG_WARN_DIRECT_OBJC_ISA_USAGE = YES_ERROR;
				CLANG_WARN_DOCUMENTATION_COMMENTS = YES;
				CLANG_WARN_EMPTY_BODY = YES;
				CLANG_WARN_ENUM_CONVERSION = YES;
				CLANG_WARN_INFINITE_RECURSION = YES;
				CLANG_WARN_INT_CONVERSION = YES;
				CLANG_WARN_NON_LITERAL_NULL_CONVERSION = YES;
				CLANG_WARN_OBJC_IMPLICIT_RETAIN_SELF = YES;
				CLANG_WARN_OBJC_LITERAL_CONVERSION = YES;
				CLANG_WARN_OBJC_ROOT_CLASS = YES_ERROR;
				CLANG_WARN_RANGE_LOOP_ANALYSIS = YES;
				CLANG_WARN_STRICT_PROTOTYPES = YES;
				CLANG_WARN_SUSPICIOUS_MOVE = YES;
				CLANG_WARN_UNGUARDED_AVAILABILITY = YES_AGGRESSIVE;
				CLANG_WARN_UNREACHABLE_CODE = YES;
				CLANG_WARN__DUPLICATE_METHOD_MATCH = YES;
				CODE_SIGN_IDENTITY = "iPhone Developer";
				COPY_PHASE_STRIP = NO;
				CURRENT_PROJECT_VERSION = 1;
				DEBUG_INFORMATION_FORMAT = "dwarf-with-dsym";
				ENABLE_NS_ASSERTIONS = NO;
				ENABLE_STRICT_OBJC_MSGSEND = YES;
				GCC_C_LANGUAGE_STANDARD = gnu11;
				GCC_NO_COMMON_BLOCKS = YES;
				GCC_WARN_64_TO_32_BIT_CONVERSION = YES;
				GCC_WARN_ABOUT_RETURN_TYPE = YES_ERROR;
				GCC_WARN_UNDECLARED_SELECTOR = YES;
				GCC_WARN_UNINITIALIZED_AUTOS = YES_AGGRESSIVE;
				GCC_WARN_UNUSED_FUNCTION = YES;
				GCC_WARN_UNUSED_VARIABLE = YES;
				IPHONEOS_DEPLOYMENT_TARGET = 11.3;
				MTL_ENABLE_DEBUG_INFO = NO;
				SDKROOT = iphoneos;
				VALIDATE_PRODUCT = YES;
				VERSIONING_SYSTEM = "apple-generic";
				VERSION_INFO_PREFIX = "";
			};
			name = Release;
		};
		FE3A40E220D9E93100F78947 /* Debug */ = {
			isa = XCBuildConfiguration;
			buildSettings = {
				CODE_SIGN_IDENTITY = "";
				CODE_SIGN_STYLE = Automatic;
				DEFINES_MODULE = YES;
				DYLIB_COMPATIBILITY_VERSION = 1;
				DYLIB_CURRENT_VERSION = 1;
				DYLIB_INSTALL_NAME_BASE = "@rpath";
				INFOPLIST_FILE = GTTools/Info.plist;
				INSTALL_PATH = "$(LOCAL_LIBRARY_DIR)/Frameworks";
				LD_RUNPATH_SEARCH_PATHS = (
					"$(inherited)",
					"@executable_path/Frameworks",
					"@loader_path/Frameworks",
				);
				PRODUCT_BUNDLE_IDENTIFIER = com.geekThings.GTTools;
				PRODUCT_NAME = "$(TARGET_NAME:c99extidentifier)";
				SKIP_INSTALL = YES;
				TARGETED_DEVICE_FAMILY = "1,2";
			};
			name = Debug;
		};
		FE3A40E320D9E93100F78947 /* Release */ = {
			isa = XCBuildConfiguration;
			buildSettings = {
				CODE_SIGN_IDENTITY = "";
				CODE_SIGN_STYLE = Automatic;
				DEFINES_MODULE = YES;
				DYLIB_COMPATIBILITY_VERSION = 1;
				DYLIB_CURRENT_VERSION = 1;
				DYLIB_INSTALL_NAME_BASE = "@rpath";
				INFOPLIST_FILE = GTTools/Info.plist;
				INSTALL_PATH = "$(LOCAL_LIBRARY_DIR)/Frameworks";
				LD_RUNPATH_SEARCH_PATHS = (
					"$(inherited)",
					"@executable_path/Frameworks",
					"@loader_path/Frameworks",
				);
				PRODUCT_BUNDLE_IDENTIFIER = com.geekThings.GTTools;
				PRODUCT_NAME = "$(TARGET_NAME:c99extidentifier)";
				SKIP_INSTALL = YES;
				TARGETED_DEVICE_FAMILY = "1,2";
			};
			name = Release;
		};
		FE3A40E520D9E93100F78947 /* Debug */ = {
			isa = XCBuildConfiguration;
			buildSettings = {
				CODE_SIGN_STYLE = Automatic;
				INFOPLIST_FILE = GTToolsTests/Info.plist;
				LD_RUNPATH_SEARCH_PATHS = (
					"$(inherited)",
					"@executable_path/Frameworks",
					"@loader_path/Frameworks",
				);
				PRODUCT_BUNDLE_IDENTIFIER = com.geekThings.GTToolsTests;
				PRODUCT_NAME = "$(TARGET_NAME)";
				TARGETED_DEVICE_FAMILY = "1,2";
			};
			name = Debug;
		};
		FE3A40E620D9E93100F78947 /* Release */ = {
			isa = XCBuildConfiguration;
			buildSettings = {
				CODE_SIGN_STYLE = Automatic;
				INFOPLIST_FILE = GTToolsTests/Info.plist;
				LD_RUNPATH_SEARCH_PATHS = (
					"$(inherited)",
					"@executable_path/Frameworks",
					"@loader_path/Frameworks",
				);
				PRODUCT_BUNDLE_IDENTIFIER = com.geekThings.GTToolsTests;
				PRODUCT_NAME = "$(TARGET_NAME)";
				TARGETED_DEVICE_FAMILY = "1,2";
			};
			name = Release;
		};
/* End XCBuildConfiguration section */

/* Begin XCConfigurationList section */
		FE3A40C720D9E93100F78947 /* Build configuration list for PBXProject "GTTools" */ = {
			isa = XCConfigurationList;
			buildConfigurations = (
				FE3A40DF20D9E93100F78947 /* Debug */,
				FE3A40E020D9E93100F78947 /* Release */,
			);
			defaultConfigurationIsVisible = 0;
			defaultConfigurationName = Release;
		};
		FE3A40E120D9E93100F78947 /* Build configuration list for PBXNativeTarget "GTTools" */ = {
			isa = XCConfigurationList;
			buildConfigurations = (
				FE3A40E220D9E93100F78947 /* Debug */,
				FE3A40E320D9E93100F78947 /* Release */,
			);
			defaultConfigurationIsVisible = 0;
			defaultConfigurationName = Release;
		};
		FE3A40E420D9E93100F78947 /* Build configuration list for PBXNativeTarget "GTToolsTests" */ = {
			isa = XCConfigurationList;
			buildConfigurations = (
				FE3A40E520D9E93100F78947 /* Debug */,
				FE3A40E620D9E93100F78947 /* Release */,
			);
			defaultConfigurationIsVisible = 0;
			defaultConfigurationName = Release;
		};
/* End XCConfigurationList section */
	};
	rootObject = FE3A40C420D9E93100F78947 /* Project object */;
}
